// !$*UTF8*$!
{
	archiveVersion = 1;
	classes = {
	};
	objectVersion = 46;
	objects = {

/* Begin PBXBuildFile section */
		2D9BAD1D66135D5F08B6D112 /* Pods_InvolvesTT.framework in Frameworks */ = {isa = PBXBuildFile; fileRef = E4E1FFE744F18C060621F4BE /* Pods_InvolvesTT.framework */; };
		7417852F1F4BAA360066E23B /* AppDelegate.swift in Sources */ = {isa = PBXBuildFile; fileRef = 7417852E1F4BAA360066E23B /* AppDelegate.swift */; };
		741785361F4BAA360066E23B /* Assets.xcassets in Resources */ = {isa = PBXBuildFile; fileRef = 741785351F4BAA360066E23B /* Assets.xcassets */; };
		741785391F4BAA360066E23B /* LaunchScreen.storyboard in Resources */ = {isa = PBXBuildFile; fileRef = 741785371F4BAA360066E23B /* LaunchScreen.storyboard */; };
		741785441F4BAA360066E23B /* InvolvesTTTests.swift in Sources */ = {isa = PBXBuildFile; fileRef = 741785431F4BAA360066E23B /* InvolvesTTTests.swift */; };
		7417854F1F4BAA360066E23B /* InvolvesTTUITests.swift in Sources */ = {isa = PBXBuildFile; fileRef = 7417854E1F4BAA360066E23B /* InvolvesTTUITests.swift */; };
		741785841F4BC1260066E23B /* LoginPresenter.swift in Sources */ = {isa = PBXBuildFile; fileRef = 7417857C1F4BC1260066E23B /* LoginPresenter.swift */; };
		741785851F4BC1260066E23B /* LoginPresenter.swift in Sources */ = {isa = PBXBuildFile; fileRef = 7417857C1F4BC1260066E23B /* LoginPresenter.swift */; };
		741785861F4BC1260066E23B /* LoginPresenter.swift in Sources */ = {isa = PBXBuildFile; fileRef = 7417857C1F4BC1260066E23B /* LoginPresenter.swift */; };
		7417858A1F4BC1260066E23B /* LoginRouter.swift in Sources */ = {isa = PBXBuildFile; fileRef = 7417857E1F4BC1260066E23B /* LoginRouter.swift */; };
		7417858B1F4BC1260066E23B /* LoginRouter.swift in Sources */ = {isa = PBXBuildFile; fileRef = 7417857E1F4BC1260066E23B /* LoginRouter.swift */; };
		7417858C1F4BC1260066E23B /* LoginRouter.swift in Sources */ = {isa = PBXBuildFile; fileRef = 7417857E1F4BC1260066E23B /* LoginRouter.swift */; };
		7417858D1F4BC1260066E23B /* LoginInitializer.swift in Sources */ = {isa = PBXBuildFile; fileRef = 7417857F1F4BC1260066E23B /* LoginInitializer.swift */; };
		7417858E1F4BC1260066E23B /* LoginInitializer.swift in Sources */ = {isa = PBXBuildFile; fileRef = 7417857F1F4BC1260066E23B /* LoginInitializer.swift */; };
		7417858F1F4BC1260066E23B /* LoginInitializer.swift in Sources */ = {isa = PBXBuildFile; fileRef = 7417857F1F4BC1260066E23B /* LoginInitializer.swift */; };
		741785901F4BC1260066E23B /* LoginModels.swift in Sources */ = {isa = PBXBuildFile; fileRef = 741785801F4BC1260066E23B /* LoginModels.swift */; };
		741785911F4BC1260066E23B /* LoginModels.swift in Sources */ = {isa = PBXBuildFile; fileRef = 741785801F4BC1260066E23B /* LoginModels.swift */; };
		741785921F4BC1260066E23B /* LoginModels.swift in Sources */ = {isa = PBXBuildFile; fileRef = 741785801F4BC1260066E23B /* LoginModels.swift */; };
		741785961F4BC1260066E23B /* LoginInteractor.swift in Sources */ = {isa = PBXBuildFile; fileRef = 741785821F4BC1260066E23B /* LoginInteractor.swift */; };
		741785971F4BC1260066E23B /* LoginInteractor.swift in Sources */ = {isa = PBXBuildFile; fileRef = 741785821F4BC1260066E23B /* LoginInteractor.swift */; };
		741785981F4BC1260066E23B /* LoginInteractor.swift in Sources */ = {isa = PBXBuildFile; fileRef = 741785821F4BC1260066E23B /* LoginInteractor.swift */; };
		741785991F4BC1260066E23B /* LoginConfigurator.swift in Sources */ = {isa = PBXBuildFile; fileRef = 741785831F4BC1260066E23B /* LoginConfigurator.swift */; };
		7417859A1F4BC1260066E23B /* LoginConfigurator.swift in Sources */ = {isa = PBXBuildFile; fileRef = 741785831F4BC1260066E23B /* LoginConfigurator.swift */; };
		7417859B1F4BC1260066E23B /* LoginConfigurator.swift in Sources */ = {isa = PBXBuildFile; fileRef = 741785831F4BC1260066E23B /* LoginConfigurator.swift */; };
		7417859F1F4BC1500066E23B /* LoginViewController.swift in Sources */ = {isa = PBXBuildFile; fileRef = 7417859D1F4BC1500066E23B /* LoginViewController.swift */; };
		741785A01F4BC1500066E23B /* LoginViewController.swift in Sources */ = {isa = PBXBuildFile; fileRef = 7417859D1F4BC1500066E23B /* LoginViewController.swift */; };
		741785A11F4BC1500066E23B /* LoginViewController.swift in Sources */ = {isa = PBXBuildFile; fileRef = 7417859D1F4BC1500066E23B /* LoginViewController.swift */; };
		741785A21F4BC1500066E23B /* LoginViewController.xib in Resources */ = {isa = PBXBuildFile; fileRef = 7417859E1F4BC1500066E23B /* LoginViewController.xib */; };
		741785A31F4BC1500066E23B /* LoginViewController.xib in Resources */ = {isa = PBXBuildFile; fileRef = 7417859E1F4BC1500066E23B /* LoginViewController.xib */; };
		741785A41F4BC1500066E23B /* LoginViewController.xib in Resources */ = {isa = PBXBuildFile; fileRef = 7417859E1F4BC1500066E23B /* LoginViewController.xib */; };
		7423C71D1F524505009F75D1 /* TwitterTimeline.swift in Sources */ = {isa = PBXBuildFile; fileRef = 7423C71C1F524505009F75D1 /* TwitterTimeline.swift */; };
		7423C71F1F52466D009F75D1 /* TwitterTrends.swift in Sources */ = {isa = PBXBuildFile; fileRef = 7423C71E1F52466D009F75D1 /* TwitterTrends.swift */; };
		7423C7211F5246A4009F75D1 /* TwitterSearch.swift in Sources */ = {isa = PBXBuildFile; fileRef = 7423C7201F5246A4009F75D1 /* TwitterSearch.swift */; };
		74871CE01F4CEA7900E77C30 /* SafariServices.framework in Frameworks */ = {isa = PBXBuildFile; fileRef = 74871CDF1F4CEA7900E77C30 /* SafariServices.framework */; };
		74871CEC1F4E051100E77C30 /* JSON.swift in Sources */ = {isa = PBXBuildFile; fileRef = 74871CEB1F4E051100E77C30 /* JSON.swift */; };
		74871CEE1F4E070400E77C30 /* Credential.swift in Sources */ = {isa = PBXBuildFile; fileRef = 74871CED1F4E070400E77C30 /* Credential.swift */; };
		74871CF01F4E075D00E77C30 /* String+Extensions.swift in Sources */ = {isa = PBXBuildFile; fileRef = 74871CEF1F4E075D00E77C30 /* String+Extensions.swift */; };
		74871CF21F4E088700E77C30 /* TwitterAuth.swift in Sources */ = {isa = PBXBuildFile; fileRef = 74871CF11F4E088700E77C30 /* TwitterAuth.swift */; };
		74871CF41F4E0D3600E77C30 /* TwitterError.swift in Sources */ = {isa = PBXBuildFile; fileRef = 74871CF31F4E0D3600E77C30 /* TwitterError.swift */; };
		74871CF61F4E19EB00E77C30 /* TwitterRequest.swift in Sources */ = {isa = PBXBuildFile; fileRef = 74871CF51F4E19EB00E77C30 /* TwitterRequest.swift */; };
		74871CF81F4E1B1B00E77C30 /* Dictionary+Extensions.swift in Sources */ = {isa = PBXBuildFile; fileRef = 74871CF71F4E1B1B00E77C30 /* Dictionary+Extensions.swift */; };
		74871CFA1F4E1B4B00E77C30 /* URL+Extensions.swift in Sources */ = {isa = PBXBuildFile; fileRef = 74871CF91F4E1B4B00E77C30 /* URL+Extensions.swift */; };
		74871CFC1F4E205200E77C30 /* TwitterClientProtocol.swift in Sources */ = {isa = PBXBuildFile; fileRef = 74871CFB1F4E205200E77C30 /* TwitterClientProtocol.swift */; };
		74871CFE1F4E280700E77C30 /* OAuthClient.swift in Sources */ = {isa = PBXBuildFile; fileRef = 74871CFD1F4E280700E77C30 /* OAuthClient.swift */; };
		74871D001F4E28CD00E77C30 /* Operator++.swift in Sources */ = {isa = PBXBuildFile; fileRef = 74871CFF1F4E28CD00E77C30 /* Operator++.swift */; };
		74871D021F4E2DC300E77C30 /* AppOnlyClient.swift in Sources */ = {isa = PBXBuildFile; fileRef = 74871D011F4E2DC300E77C30 /* AppOnlyClient.swift */; };
		74871D071F4E2EAF00E77C30 /* HMAC.swift in Sources */ = {isa = PBXBuildFile; fileRef = 74871D041F4E2EAF00E77C30 /* HMAC.swift */; };
		74871D081F4E2EAF00E77C30 /* SHA1.swift in Sources */ = {isa = PBXBuildFile; fileRef = 74871D051F4E2EAF00E77C30 /* SHA1.swift */; };
		74871D091F4E2EAF00E77C30 /* Utils.swift in Sources */ = {isa = PBXBuildFile; fileRef = 74871D061F4E2EAF00E77C30 /* Utils.swift */; };
		74871D0B1F4E313E00E77C30 /* Data+Extension.swift in Sources */ = {isa = PBXBuildFile; fileRef = 74871D0A1F4E313E00E77C30 /* Data+Extension.swift */; };
		74871D0D1F4E317200E77C30 /* Scanner.swift in Sources */ = {isa = PBXBuildFile; fileRef = 74871D0C1F4E317200E77C30 /* Scanner.swift */; };
		74871D0F1F4E36DC00E77C30 /* SFLoginViewController.swift in Sources */ = {isa = PBXBuildFile; fileRef = 74871D0E1F4E36DC00E77C30 /* SFLoginViewController.swift */; };
		74C90F411F4CC3D0008C0B6E /* CustomTextField.swift in Sources */ = {isa = PBXBuildFile; fileRef = 74C90F401F4CC3D0008C0B6E /* CustomTextField.swift */; };
		74C90F431F4CC4BA008C0B6E /* UIView+Borders.swift in Sources */ = {isa = PBXBuildFile; fileRef = 74C90F421F4CC4BA008C0B6E /* UIView+Borders.swift */; };
		74C90F461F4CCE49008C0B6E /* InvolvesAPI.swift in Sources */ = {isa = PBXBuildFile; fileRef = 74C90F451F4CCE49008C0B6E /* InvolvesAPI.swift */; };
		74E36B981F529CE40052FA94 /* MainPresenter.swift in Sources */ = {isa = PBXBuildFile; fileRef = 74E36B901F529CE40052FA94 /* MainPresenter.swift */; };
		74E36B991F529CE40052FA94 /* MainWorker.swift in Sources */ = {isa = PBXBuildFile; fileRef = 74E36B911F529CE40052FA94 /* MainWorker.swift */; };
		74E36B9A1F529CE40052FA94 /* MainRouter.swift in Sources */ = {isa = PBXBuildFile; fileRef = 74E36B921F529CE40052FA94 /* MainRouter.swift */; };
		74E36B9B1F529CE40052FA94 /* MainInitializer.swift in Sources */ = {isa = PBXBuildFile; fileRef = 74E36B931F529CE40052FA94 /* MainInitializer.swift */; };
		74E36B9C1F529CE40052FA94 /* MainModels.swift in Sources */ = {isa = PBXBuildFile; fileRef = 74E36B941F529CE40052FA94 /* MainModels.swift */; };
		74E36B9E1F529CE40052FA94 /* MainInteractor.swift in Sources */ = {isa = PBXBuildFile; fileRef = 74E36B961F529CE40052FA94 /* MainInteractor.swift */; };
		74E36B9F1F529CE40052FA94 /* MainConfigurator.swift in Sources */ = {isa = PBXBuildFile; fileRef = 74E36B971F529CE40052FA94 /* MainConfigurator.swift */; };
		74E36BA21F529D0D0052FA94 /* MainViewController.swift in Sources */ = {isa = PBXBuildFile; fileRef = 74E36BA01F529D0D0052FA94 /* MainViewController.swift */; };
		74E36BA31F529D0D0052FA94 /* MainViewController.xib in Resources */ = {isa = PBXBuildFile; fileRef = 74E36BA11F529D0D0052FA94 /* MainViewController.xib */; };
		74E36BA61F52A7A10052FA94 /* CustomStackView.swift in Sources */ = {isa = PBXBuildFile; fileRef = 74E36BA51F52A7A10052FA94 /* CustomStackView.swift */; };
		74E36BB21F537C470052FA94 /* FeedPresenter.swift in Sources */ = {isa = PBXBuildFile; fileRef = 74E36BAA1F537C470052FA94 /* FeedPresenter.swift */; };
		74E36BB31F537C470052FA94 /* FeedWorker.swift in Sources */ = {isa = PBXBuildFile; fileRef = 74E36BAB1F537C470052FA94 /* FeedWorker.swift */; };
		74E36BB41F537C470052FA94 /* FeedRouter.swift in Sources */ = {isa = PBXBuildFile; fileRef = 74E36BAC1F537C470052FA94 /* FeedRouter.swift */; };
		74E36BB51F537C470052FA94 /* FeedInitializer.swift in Sources */ = {isa = PBXBuildFile; fileRef = 74E36BAD1F537C470052FA94 /* FeedInitializer.swift */; };
		74E36BB61F537C470052FA94 /* FeedModels.swift in Sources */ = {isa = PBXBuildFile; fileRef = 74E36BAE1F537C470052FA94 /* FeedModels.swift */; };
		74E36BB71F537C470052FA94 /* FeedViewController.swift in Sources */ = {isa = PBXBuildFile; fileRef = 74E36BAF1F537C470052FA94 /* FeedViewController.swift */; };
		74E36BB81F537C470052FA94 /* FeedInteractor.swift in Sources */ = {isa = PBXBuildFile; fileRef = 74E36BB01F537C470052FA94 /* FeedInteractor.swift */; };
		74E36BB91F537C470052FA94 /* FeedConfigurator.swift in Sources */ = {isa = PBXBuildFile; fileRef = 74E36BB11F537C470052FA94 /* FeedConfigurator.swift */; };
		74E36BBD1F540FCE0052FA94 /* FeedViewController.xib in Resources */ = {isa = PBXBuildFile; fileRef = 74E36BBB1F540FCE0052FA94 /* FeedViewController.xib */; };
		74E36BC01F5412CF0052FA94 /* Tweet.swift in Sources */ = {isa = PBXBuildFile; fileRef = 74E36BBF1F5412CF0052FA94 /* Tweet.swift */; };
		74E36BC11F5412CF0052FA94 /* Tweet.swift in Sources */ = {isa = PBXBuildFile; fileRef = 74E36BBF1F5412CF0052FA94 /* Tweet.swift */; };
		74E36BC81F543BCF0052FA94 /* TweetCell.swift in Sources */ = {isa = PBXBuildFile; fileRef = 74E36BC61F543BCF0052FA94 /* TweetCell.swift */; };
		74E36BC91F543BCF0052FA94 /* TweetCell.swift in Sources */ = {isa = PBXBuildFile; fileRef = 74E36BC61F543BCF0052FA94 /* TweetCell.swift */; };
		74E36BCA1F543BCF0052FA94 /* TweetCell.swift in Sources */ = {isa = PBXBuildFile; fileRef = 74E36BC61F543BCF0052FA94 /* TweetCell.swift */; };
		74E36BCB1F543BCF0052FA94 /* TweetCell.xib in Resources */ = {isa = PBXBuildFile; fileRef = 74E36BC71F543BCF0052FA94 /* TweetCell.xib */; };
		74E36BCC1F543BCF0052FA94 /* TweetCell.xib in Resources */ = {isa = PBXBuildFile; fileRef = 74E36BC71F543BCF0052FA94 /* TweetCell.xib */; };
		74E36BCD1F543BCF0052FA94 /* TweetCell.xib in Resources */ = {isa = PBXBuildFile; fileRef = 74E36BC71F543BCF0052FA94 /* TweetCell.xib */; };
		74E36BCF1F543E530052FA94 /* FeedViewController+TableView.swift in Sources */ = {isa = PBXBuildFile; fileRef = 74E36BCE1F543E530052FA94 /* FeedViewController+TableView.swift */; };
		74E36BD01F543E530052FA94 /* FeedViewController+TableView.swift in Sources */ = {isa = PBXBuildFile; fileRef = 74E36BCE1F543E530052FA94 /* FeedViewController+TableView.swift */; };
		74E36BD11F543E530052FA94 /* FeedViewController+TableView.swift in Sources */ = {isa = PBXBuildFile; fileRef = 74E36BCE1F543E530052FA94 /* FeedViewController+TableView.swift */; };
		74E36BDA1F5449B30052FA94 /* SearchPresenter.swift in Sources */ = {isa = PBXBuildFile; fileRef = 74E36BD21F5449B30052FA94 /* SearchPresenter.swift */; };
		74E36BDB1F5449B30052FA94 /* SearchPresenter.swift in Sources */ = {isa = PBXBuildFile; fileRef = 74E36BD21F5449B30052FA94 /* SearchPresenter.swift */; };
		74E36BDC1F5449B30052FA94 /* SearchPresenter.swift in Sources */ = {isa = PBXBuildFile; fileRef = 74E36BD21F5449B30052FA94 /* SearchPresenter.swift */; };
		74E36BDD1F5449B30052FA94 /* SearchWorker.swift in Sources */ = {isa = PBXBuildFile; fileRef = 74E36BD31F5449B30052FA94 /* SearchWorker.swift */; };
		74E36BDE1F5449B30052FA94 /* SearchWorker.swift in Sources */ = {isa = PBXBuildFile; fileRef = 74E36BD31F5449B30052FA94 /* SearchWorker.swift */; };
		74E36BDF1F5449B30052FA94 /* SearchWorker.swift in Sources */ = {isa = PBXBuildFile; fileRef = 74E36BD31F5449B30052FA94 /* SearchWorker.swift */; };
		74E36BE01F5449B30052FA94 /* SearchRouter.swift in Sources */ = {isa = PBXBuildFile; fileRef = 74E36BD41F5449B30052FA94 /* SearchRouter.swift */; };
		74E36BE11F5449B30052FA94 /* SearchRouter.swift in Sources */ = {isa = PBXBuildFile; fileRef = 74E36BD41F5449B30052FA94 /* SearchRouter.swift */; };
		74E36BE21F5449B30052FA94 /* SearchRouter.swift in Sources */ = {isa = PBXBuildFile; fileRef = 74E36BD41F5449B30052FA94 /* SearchRouter.swift */; };
		74E36BE31F5449B30052FA94 /* SearchInitializer.swift in Sources */ = {isa = PBXBuildFile; fileRef = 74E36BD51F5449B30052FA94 /* SearchInitializer.swift */; };
		74E36BE41F5449B30052FA94 /* SearchInitializer.swift in Sources */ = {isa = PBXBuildFile; fileRef = 74E36BD51F5449B30052FA94 /* SearchInitializer.swift */; };
		74E36BE51F5449B30052FA94 /* SearchInitializer.swift in Sources */ = {isa = PBXBuildFile; fileRef = 74E36BD51F5449B30052FA94 /* SearchInitializer.swift */; };
		74E36BE61F5449B30052FA94 /* SearchModels.swift in Sources */ = {isa = PBXBuildFile; fileRef = 74E36BD61F5449B30052FA94 /* SearchModels.swift */; };
		74E36BE71F5449B30052FA94 /* SearchModels.swift in Sources */ = {isa = PBXBuildFile; fileRef = 74E36BD61F5449B30052FA94 /* SearchModels.swift */; };
		74E36BE81F5449B30052FA94 /* SearchModels.swift in Sources */ = {isa = PBXBuildFile; fileRef = 74E36BD61F5449B30052FA94 /* SearchModels.swift */; };
		74E36BE91F5449B30052FA94 /* SearchViewController.swift in Sources */ = {isa = PBXBuildFile; fileRef = 74E36BD71F5449B30052FA94 /* SearchViewController.swift */; };
		74E36BEA1F5449B30052FA94 /* SearchViewController.swift in Sources */ = {isa = PBXBuildFile; fileRef = 74E36BD71F5449B30052FA94 /* SearchViewController.swift */; };
		74E36BEB1F5449B30052FA94 /* SearchViewController.swift in Sources */ = {isa = PBXBuildFile; fileRef = 74E36BD71F5449B30052FA94 /* SearchViewController.swift */; };
		74E36BEC1F5449B30052FA94 /* SearchInteractor.swift in Sources */ = {isa = PBXBuildFile; fileRef = 74E36BD81F5449B30052FA94 /* SearchInteractor.swift */; };
		74E36BED1F5449B30052FA94 /* SearchInteractor.swift in Sources */ = {isa = PBXBuildFile; fileRef = 74E36BD81F5449B30052FA94 /* SearchInteractor.swift */; };
		74E36BEE1F5449B30052FA94 /* SearchInteractor.swift in Sources */ = {isa = PBXBuildFile; fileRef = 74E36BD81F5449B30052FA94 /* SearchInteractor.swift */; };
		74E36BEF1F5449B30052FA94 /* SearchConfigurator.swift in Sources */ = {isa = PBXBuildFile; fileRef = 74E36BD91F5449B30052FA94 /* SearchConfigurator.swift */; };
		74E36BF01F5449B30052FA94 /* SearchConfigurator.swift in Sources */ = {isa = PBXBuildFile; fileRef = 74E36BD91F5449B30052FA94 /* SearchConfigurator.swift */; };
		74E36BF11F5449B30052FA94 /* SearchConfigurator.swift in Sources */ = {isa = PBXBuildFile; fileRef = 74E36BD91F5449B30052FA94 /* SearchConfigurator.swift */; };
		74E36BF81F5449DC0052FA94 /* SearchViewController.xib in Resources */ = {isa = PBXBuildFile; fileRef = 74E36BF41F5449DC0052FA94 /* SearchViewController.xib */; };
		74E36BF91F5449DC0052FA94 /* SearchViewController.xib in Resources */ = {isa = PBXBuildFile; fileRef = 74E36BF41F5449DC0052FA94 /* SearchViewController.xib */; };
		74E36BFA1F5449DC0052FA94 /* SearchViewController.xib in Resources */ = {isa = PBXBuildFile; fileRef = 74E36BF41F5449DC0052FA94 /* SearchViewController.xib */; };
		74E36BFC1F5456D90052FA94 /* SearchViewController+UISearchBar.swift in Sources */ = {isa = PBXBuildFile; fileRef = 74E36BFB1F5456D90052FA94 /* SearchViewController+UISearchBar.swift */; };
		74E36BFD1F5456D90052FA94 /* SearchViewController+UISearchBar.swift in Sources */ = {isa = PBXBuildFile; fileRef = 74E36BFB1F5456D90052FA94 /* SearchViewController+UISearchBar.swift */; };
		74E36BFE1F5456D90052FA94 /* SearchViewController+UISearchBar.swift in Sources */ = {isa = PBXBuildFile; fileRef = 74E36BFB1F5456D90052FA94 /* SearchViewController+UISearchBar.swift */; };
		74E36C001F545CAC0052FA94 /* SearchViewController+UITableView.swift in Sources */ = {isa = PBXBuildFile; fileRef = 74E36BFF1F545CAC0052FA94 /* SearchViewController+UITableView.swift */; };
		74E36C011F545CAC0052FA94 /* SearchViewController+UITableView.swift in Sources */ = {isa = PBXBuildFile; fileRef = 74E36BFF1F545CAC0052FA94 /* SearchViewController+UITableView.swift */; };
		74E36C021F545CAC0052FA94 /* SearchViewController+UITableView.swift in Sources */ = {isa = PBXBuildFile; fileRef = 74E36BFF1F545CAC0052FA94 /* SearchViewController+UITableView.swift */; };
		74E36C0B1F5478130052FA94 /* TrendsPresenter.swift in Sources */ = {isa = PBXBuildFile; fileRef = 74E36C031F5478130052FA94 /* TrendsPresenter.swift */; };
		74E36C0C1F5478130052FA94 /* TrendsPresenter.swift in Sources */ = {isa = PBXBuildFile; fileRef = 74E36C031F5478130052FA94 /* TrendsPresenter.swift */; };
		74E36C0D1F5478130052FA94 /* TrendsPresenter.swift in Sources */ = {isa = PBXBuildFile; fileRef = 74E36C031F5478130052FA94 /* TrendsPresenter.swift */; };
		74E36C0E1F5478130052FA94 /* TrendsWorker.swift in Sources */ = {isa = PBXBuildFile; fileRef = 74E36C041F5478130052FA94 /* TrendsWorker.swift */; };
		74E36C0F1F5478130052FA94 /* TrendsWorker.swift in Sources */ = {isa = PBXBuildFile; fileRef = 74E36C041F5478130052FA94 /* TrendsWorker.swift */; };
		74E36C101F5478130052FA94 /* TrendsWorker.swift in Sources */ = {isa = PBXBuildFile; fileRef = 74E36C041F5478130052FA94 /* TrendsWorker.swift */; };
		74E36C111F5478130052FA94 /* TrendsRouter.swift in Sources */ = {isa = PBXBuildFile; fileRef = 74E36C051F5478130052FA94 /* TrendsRouter.swift */; };
		74E36C121F5478130052FA94 /* TrendsRouter.swift in Sources */ = {isa = PBXBuildFile; fileRef = 74E36C051F5478130052FA94 /* TrendsRouter.swift */; };
		74E36C131F5478130052FA94 /* TrendsRouter.swift in Sources */ = {isa = PBXBuildFile; fileRef = 74E36C051F5478130052FA94 /* TrendsRouter.swift */; };
		74E36C141F5478130052FA94 /* TrendsInitializer.swift in Sources */ = {isa = PBXBuildFile; fileRef = 74E36C061F5478130052FA94 /* TrendsInitializer.swift */; };
		74E36C151F5478130052FA94 /* TrendsInitializer.swift in Sources */ = {isa = PBXBuildFile; fileRef = 74E36C061F5478130052FA94 /* TrendsInitializer.swift */; };
		74E36C161F5478130052FA94 /* TrendsInitializer.swift in Sources */ = {isa = PBXBuildFile; fileRef = 74E36C061F5478130052FA94 /* TrendsInitializer.swift */; };
		74E36C171F5478130052FA94 /* TrendsModels.swift in Sources */ = {isa = PBXBuildFile; fileRef = 74E36C071F5478130052FA94 /* TrendsModels.swift */; };
		74E36C181F5478130052FA94 /* TrendsModels.swift in Sources */ = {isa = PBXBuildFile; fileRef = 74E36C071F5478130052FA94 /* TrendsModels.swift */; };
		74E36C191F5478130052FA94 /* TrendsModels.swift in Sources */ = {isa = PBXBuildFile; fileRef = 74E36C071F5478130052FA94 /* TrendsModels.swift */; };
		74E36C1A1F5478130052FA94 /* TrendsViewController.swift in Sources */ = {isa = PBXBuildFile; fileRef = 74E36C081F5478130052FA94 /* TrendsViewController.swift */; };
		74E36C1B1F5478130052FA94 /* TrendsViewController.swift in Sources */ = {isa = PBXBuildFile; fileRef = 74E36C081F5478130052FA94 /* TrendsViewController.swift */; };
		74E36C1C1F5478130052FA94 /* TrendsViewController.swift in Sources */ = {isa = PBXBuildFile; fileRef = 74E36C081F5478130052FA94 /* TrendsViewController.swift */; };
		74E36C1D1F5478130052FA94 /* TrendsInteractor.swift in Sources */ = {isa = PBXBuildFile; fileRef = 74E36C091F5478130052FA94 /* TrendsInteractor.swift */; };
		74E36C201F5478130052FA94 /* TrendsConfigurator.swift in Sources */ = {isa = PBXBuildFile; fileRef = 74E36C0A1F5478130052FA94 /* TrendsConfigurator.swift */; };
		74E36C211F5478130052FA94 /* TrendsConfigurator.swift in Sources */ = {isa = PBXBuildFile; fileRef = 74E36C0A1F5478130052FA94 /* TrendsConfigurator.swift */; };
		74E36C221F5478130052FA94 /* TrendsConfigurator.swift in Sources */ = {isa = PBXBuildFile; fileRef = 74E36C0A1F5478130052FA94 /* TrendsConfigurator.swift */; };
		74E36C281F54784A0052FA94 /* TrendsViewController.xib in Resources */ = {isa = PBXBuildFile; fileRef = 74E36C241F54784A0052FA94 /* TrendsViewController.xib */; };
		74E36C291F54784A0052FA94 /* TrendsViewController.xib in Resources */ = {isa = PBXBuildFile; fileRef = 74E36C241F54784A0052FA94 /* TrendsViewController.xib */; };
		74E36C2A1F54784A0052FA94 /* TrendsViewController.xib in Resources */ = {isa = PBXBuildFile; fileRef = 74E36C241F54784A0052FA94 /* TrendsViewController.xib */; };
		74E36C2D1F5478DD0052FA94 /* TrendsViewController+UITableView.swift in Sources */ = {isa = PBXBuildFile; fileRef = 74E36C2C1F5478DD0052FA94 /* TrendsViewController+UITableView.swift */; };
		74E36C2E1F5478DD0052FA94 /* TrendsViewController+UITableView.swift in Sources */ = {isa = PBXBuildFile; fileRef = 74E36C2C1F5478DD0052FA94 /* TrendsViewController+UITableView.swift */; };
		74E36C2F1F5478DD0052FA94 /* TrendsViewController+UITableView.swift in Sources */ = {isa = PBXBuildFile; fileRef = 74E36C2C1F5478DD0052FA94 /* TrendsViewController+UITableView.swift */; };
		74E36C311F547E920052FA94 /* Trends.swift in Sources */ = {isa = PBXBuildFile; fileRef = 74E36C301F547E920052FA94 /* Trends.swift */; };
		74E36C321F547E920052FA94 /* Trends.swift in Sources */ = {isa = PBXBuildFile; fileRef = 74E36C301F547E920052FA94 /* Trends.swift */; };
		74E36C351F5481F80052FA94 /* TrendsTableViewCell.swift in Sources */ = {isa = PBXBuildFile; fileRef = 74E36C331F5481F80052FA94 /* TrendsTableViewCell.swift */; };
		74E36C361F5481F80052FA94 /* TrendsTableViewCell.swift in Sources */ = {isa = PBXBuildFile; fileRef = 74E36C331F5481F80052FA94 /* TrendsTableViewCell.swift */; };
		74E36C371F5481F80052FA94 /* TrendsTableViewCell.swift in Sources */ = {isa = PBXBuildFile; fileRef = 74E36C331F5481F80052FA94 /* TrendsTableViewCell.swift */; };
		74E36C381F5481F80052FA94 /* TrendsTableViewCell.xib in Resources */ = {isa = PBXBuildFile; fileRef = 74E36C341F5481F80052FA94 /* TrendsTableViewCell.xib */; };
		74E36C391F5481F80052FA94 /* TrendsTableViewCell.xib in Resources */ = {isa = PBXBuildFile; fileRef = 74E36C341F5481F80052FA94 /* TrendsTableViewCell.xib */; };
		74E36C3A1F5481F80052FA94 /* TrendsTableViewCell.xib in Resources */ = {isa = PBXBuildFile; fileRef = 74E36C341F5481F80052FA94 /* TrendsTableViewCell.xib */; };
		CB2AF3F6CD114F5E54550F00 /* Pods_InvolvesTTUITests.framework in Frameworks */ = {isa = PBXBuildFile; fileRef = CDFDA916AEC51C0BF19161BA /* Pods_InvolvesTTUITests.framework */; };
		D3227E1997B8B3D762848FC1 /* Pods_InvolvesTTTests.framework in Frameworks */ = {isa = PBXBuildFile; fileRef = 2BA0D5E5D63F862B3842A855 /* Pods_InvolvesTTTests.framework */; };
/* End PBXBuildFile section */

/* Begin PBXContainerItemProxy section */
		741785401F4BAA360066E23B /* PBXContainerItemProxy */ = {
			isa = PBXContainerItemProxy;
			containerPortal = 741785231F4BAA360066E23B /* Project object */;
			proxyType = 1;
			remoteGlobalIDString = 7417852A1F4BAA360066E23B;
			remoteInfo = InvolvesTT;
		};
		7417854B1F4BAA360066E23B /* PBXContainerItemProxy */ = {
			isa = PBXContainerItemProxy;
			containerPortal = 741785231F4BAA360066E23B /* Project object */;
			proxyType = 1;
			remoteGlobalIDString = 7417852A1F4BAA360066E23B;
			remoteInfo = InvolvesTT;
		};
/* End PBXContainerItemProxy section */

/* Begin PBXFileReference section */
		2A262A16314BE6D6F2B5846F /* Pods-InvolvesTT.debug.xcconfig */ = {isa = PBXFileReference; includeInIndex = 1; lastKnownFileType = text.xcconfig; name = "Pods-InvolvesTT.debug.xcconfig"; path = "Pods/Target Support Files/Pods-InvolvesTT/Pods-InvolvesTT.debug.xcconfig"; sourceTree = "<group>"; };
		2BA0D5E5D63F862B3842A855 /* Pods_InvolvesTTTests.framework */ = {isa = PBXFileReference; explicitFileType = wrapper.framework; includeInIndex = 0; path = Pods_InvolvesTTTests.framework; sourceTree = BUILT_PRODUCTS_DIR; };
		48669EF758B6E073CDBB9797 /* Pods-InvolvesTT.release.xcconfig */ = {isa = PBXFileReference; includeInIndex = 1; lastKnownFileType = text.xcconfig; name = "Pods-InvolvesTT.release.xcconfig"; path = "Pods/Target Support Files/Pods-InvolvesTT/Pods-InvolvesTT.release.xcconfig"; sourceTree = "<group>"; };
		6D624F452F53BA715BB58DE4 /* Pods-InvolvesTTUITests.debug.xcconfig */ = {isa = PBXFileReference; includeInIndex = 1; lastKnownFileType = text.xcconfig; name = "Pods-InvolvesTTUITests.debug.xcconfig"; path = "Pods/Target Support Files/Pods-InvolvesTTUITests/Pods-InvolvesTTUITests.debug.xcconfig"; sourceTree = "<group>"; };
		7417852B1F4BAA360066E23B /* InvolvesTT.app */ = {isa = PBXFileReference; explicitFileType = wrapper.application; includeInIndex = 0; path = InvolvesTT.app; sourceTree = BUILT_PRODUCTS_DIR; };
		7417852E1F4BAA360066E23B /* AppDelegate.swift */ = {isa = PBXFileReference; lastKnownFileType = sourcecode.swift; path = AppDelegate.swift; sourceTree = "<group>"; };
		741785351F4BAA360066E23B /* Assets.xcassets */ = {isa = PBXFileReference; lastKnownFileType = folder.assetcatalog; path = Assets.xcassets; sourceTree = "<group>"; };
		741785381F4BAA360066E23B /* Base */ = {isa = PBXFileReference; lastKnownFileType = file.storyboard; name = Base; path = Base.lproj/LaunchScreen.storyboard; sourceTree = "<group>"; };
		7417853A1F4BAA360066E23B /* Info.plist */ = {isa = PBXFileReference; lastKnownFileType = text.plist.xml; path = Info.plist; sourceTree = "<group>"; };
		7417853F1F4BAA360066E23B /* InvolvesTTTests.xctest */ = {isa = PBXFileReference; explicitFileType = wrapper.cfbundle; includeInIndex = 0; path = InvolvesTTTests.xctest; sourceTree = BUILT_PRODUCTS_DIR; };
		741785431F4BAA360066E23B /* InvolvesTTTests.swift */ = {isa = PBXFileReference; lastKnownFileType = sourcecode.swift; path = InvolvesTTTests.swift; sourceTree = "<group>"; };
		741785451F4BAA360066E23B /* Info.plist */ = {isa = PBXFileReference; lastKnownFileType = text.plist.xml; path = Info.plist; sourceTree = "<group>"; };
		7417854A1F4BAA360066E23B /* InvolvesTTUITests.xctest */ = {isa = PBXFileReference; explicitFileType = wrapper.cfbundle; includeInIndex = 0; path = InvolvesTTUITests.xctest; sourceTree = BUILT_PRODUCTS_DIR; };
		7417854E1F4BAA360066E23B /* InvolvesTTUITests.swift */ = {isa = PBXFileReference; lastKnownFileType = sourcecode.swift; path = InvolvesTTUITests.swift; sourceTree = "<group>"; };
		741785501F4BAA360066E23B /* Info.plist */ = {isa = PBXFileReference; lastKnownFileType = text.plist.xml; path = Info.plist; sourceTree = "<group>"; };
		7417857C1F4BC1260066E23B /* LoginPresenter.swift */ = {isa = PBXFileReference; fileEncoding = 4; lastKnownFileType = sourcecode.swift; name = LoginPresenter.swift; path = Modules/Login/LoginPresenter.swift; sourceTree = "<group>"; };
		7417857E1F4BC1260066E23B /* LoginRouter.swift */ = {isa = PBXFileReference; fileEncoding = 4; lastKnownFileType = sourcecode.swift; name = LoginRouter.swift; path = Modules/Login/LoginRouter.swift; sourceTree = "<group>"; };
		7417857F1F4BC1260066E23B /* LoginInitializer.swift */ = {isa = PBXFileReference; fileEncoding = 4; lastKnownFileType = sourcecode.swift; name = LoginInitializer.swift; path = Modules/Login/LoginInitializer.swift; sourceTree = "<group>"; };
		741785801F4BC1260066E23B /* LoginModels.swift */ = {isa = PBXFileReference; fileEncoding = 4; lastKnownFileType = sourcecode.swift; name = LoginModels.swift; path = Modules/Login/LoginModels.swift; sourceTree = "<group>"; };
		741785821F4BC1260066E23B /* LoginInteractor.swift */ = {isa = PBXFileReference; fileEncoding = 4; lastKnownFileType = sourcecode.swift; name = LoginInteractor.swift; path = Modules/Login/LoginInteractor.swift; sourceTree = "<group>"; };
		741785831F4BC1260066E23B /* LoginConfigurator.swift */ = {isa = PBXFileReference; fileEncoding = 4; lastKnownFileType = sourcecode.swift; name = LoginConfigurator.swift; path = Modules/Login/LoginConfigurator.swift; sourceTree = "<group>"; };
		7417859D1F4BC1500066E23B /* LoginViewController.swift */ = {isa = PBXFileReference; fileEncoding = 4; lastKnownFileType = sourcecode.swift; name = LoginViewController.swift; path = Modules/Login/LoginViewController.swift; sourceTree = "<group>"; };
		7417859E1F4BC1500066E23B /* LoginViewController.xib */ = {isa = PBXFileReference; fileEncoding = 4; lastKnownFileType = file.xib; name = LoginViewController.xib; path = Modules/Login/LoginViewController.xib; sourceTree = "<group>"; };
		7423C71C1F524505009F75D1 /* TwitterTimeline.swift */ = {isa = PBXFileReference; fileEncoding = 4; lastKnownFileType = sourcecode.swift; name = TwitterTimeline.swift; path = Common/API/TwitterTimeline.swift; sourceTree = "<group>"; };
		7423C71E1F52466D009F75D1 /* TwitterTrends.swift */ = {isa = PBXFileReference; fileEncoding = 4; lastKnownFileType = sourcecode.swift; name = TwitterTrends.swift; path = Common/API/TwitterTrends.swift; sourceTree = "<group>"; };
		7423C7201F5246A4009F75D1 /* TwitterSearch.swift */ = {isa = PBXFileReference; fileEncoding = 4; lastKnownFileType = sourcecode.swift; name = TwitterSearch.swift; path = Common/API/TwitterSearch.swift; sourceTree = "<group>"; };
		74871CDF1F4CEA7900E77C30 /* SafariServices.framework */ = {isa = PBXFileReference; lastKnownFileType = wrapper.framework; name = SafariServices.framework; path = System/Library/Frameworks/SafariServices.framework; sourceTree = SDKROOT; };
		74871CEB1F4E051100E77C30 /* JSON.swift */ = {isa = PBXFileReference; fileEncoding = 4; lastKnownFileType = sourcecode.swift; path = JSON.swift; sourceTree = "<group>"; };
		74871CED1F4E070400E77C30 /* Credential.swift */ = {isa = PBXFileReference; fileEncoding = 4; lastKnownFileType = sourcecode.swift; name = Credential.swift; path = Common/API/Credential.swift; sourceTree = "<group>"; };
		74871CEF1F4E075D00E77C30 /* String+Extensions.swift */ = {isa = PBXFileReference; fileEncoding = 4; lastKnownFileType = sourcecode.swift; name = "String+Extensions.swift"; path = "Common/Extensions/String+Extensions.swift"; sourceTree = "<group>"; };
		74871CF11F4E088700E77C30 /* TwitterAuth.swift */ = {isa = PBXFileReference; fileEncoding = 4; lastKnownFileType = sourcecode.swift; name = TwitterAuth.swift; path = Common/API/TwitterAuth.swift; sourceTree = "<group>"; };
		74871CF31F4E0D3600E77C30 /* TwitterError.swift */ = {isa = PBXFileReference; fileEncoding = 4; lastKnownFileType = sourcecode.swift; name = TwitterError.swift; path = Common/API/TwitterError.swift; sourceTree = "<group>"; };
		74871CF51F4E19EB00E77C30 /* TwitterRequest.swift */ = {isa = PBXFileReference; fileEncoding = 4; lastKnownFileType = sourcecode.swift; name = TwitterRequest.swift; path = Common/API/TwitterRequest.swift; sourceTree = "<group>"; };
		74871CF71F4E1B1B00E77C30 /* Dictionary+Extensions.swift */ = {isa = PBXFileReference; fileEncoding = 4; lastKnownFileType = sourcecode.swift; name = "Dictionary+Extensions.swift"; path = "Common/Extensions/Dictionary+Extensions.swift"; sourceTree = "<group>"; };
		74871CF91F4E1B4B00E77C30 /* URL+Extensions.swift */ = {isa = PBXFileReference; fileEncoding = 4; lastKnownFileType = sourcecode.swift; name = "URL+Extensions.swift"; path = "Common/Extensions/URL+Extensions.swift"; sourceTree = "<group>"; };
		74871CFB1F4E205200E77C30 /* TwitterClientProtocol.swift */ = {isa = PBXFileReference; fileEncoding = 4; lastKnownFileType = sourcecode.swift; name = TwitterClientProtocol.swift; path = Common/API/TwitterClientProtocol.swift; sourceTree = "<group>"; };
		74871CFD1F4E280700E77C30 /* OAuthClient.swift */ = {isa = PBXFileReference; fileEncoding = 4; lastKnownFileType = sourcecode.swift; name = OAuthClient.swift; path = Common/API/OAuthClient.swift; sourceTree = "<group>"; };
		74871CFF1F4E28CD00E77C30 /* Operator++.swift */ = {isa = PBXFileReference; fileEncoding = 4; lastKnownFileType = sourcecode.swift; name = "Operator++.swift"; path = "Common/Extensions/Operator++.swift"; sourceTree = "<group>"; };
		74871D011F4E2DC300E77C30 /* AppOnlyClient.swift */ = {isa = PBXFileReference; fileEncoding = 4; lastKnownFileType = sourcecode.swift; name = AppOnlyClient.swift; path = Common/API/AppOnlyClient.swift; sourceTree = "<group>"; };
		74871D041F4E2EAF00E77C30 /* HMAC.swift */ = {isa = PBXFileReference; fileEncoding = 4; lastKnownFileType = sourcecode.swift; path = HMAC.swift; sourceTree = "<group>"; };
		74871D051F4E2EAF00E77C30 /* SHA1.swift */ = {isa = PBXFileReference; fileEncoding = 4; lastKnownFileType = sourcecode.swift; path = SHA1.swift; sourceTree = "<group>"; };
		74871D061F4E2EAF00E77C30 /* Utils.swift */ = {isa = PBXFileReference; fileEncoding = 4; lastKnownFileType = sourcecode.swift; path = Utils.swift; sourceTree = "<group>"; };
		74871D0A1F4E313E00E77C30 /* Data+Extension.swift */ = {isa = PBXFileReference; fileEncoding = 4; lastKnownFileType = sourcecode.swift; name = "Data+Extension.swift"; path = "Common/Extensions/Data+Extension.swift"; sourceTree = "<group>"; };
		74871D0C1F4E317200E77C30 /* Scanner.swift */ = {isa = PBXFileReference; fileEncoding = 4; lastKnownFileType = sourcecode.swift; name = Scanner.swift; path = Common/Extensions/Scanner.swift; sourceTree = "<group>"; };
		74871D0E1F4E36DC00E77C30 /* SFLoginViewController.swift */ = {isa = PBXFileReference; fileEncoding = 4; lastKnownFileType = sourcecode.swift; name = SFLoginViewController.swift; path = Modules/Login/SFLoginViewController.swift; sourceTree = "<group>"; };
		74C90F401F4CC3D0008C0B6E /* CustomTextField.swift */ = {isa = PBXFileReference; fileEncoding = 4; lastKnownFileType = sourcecode.swift; name = CustomTextField.swift; path = Common/Extensions/CustomTextField.swift; sourceTree = "<group>"; };
		74C90F421F4CC4BA008C0B6E /* UIView+Borders.swift */ = {isa = PBXFileReference; fileEncoding = 4; lastKnownFileType = sourcecode.swift; name = "UIView+Borders.swift"; path = "Common/Extensions/UIView+Borders.swift"; sourceTree = "<group>"; };
		74C90F451F4CCE49008C0B6E /* InvolvesAPI.swift */ = {isa = PBXFileReference; fileEncoding = 4; lastKnownFileType = sourcecode.swift; name = InvolvesAPI.swift; path = Common/API/InvolvesAPI.swift; sourceTree = "<group>"; };
		74E36B901F529CE40052FA94 /* MainPresenter.swift */ = {isa = PBXFileReference; fileEncoding = 4; lastKnownFileType = sourcecode.swift; name = MainPresenter.swift; path = Modules/Main/MainPresenter.swift; sourceTree = "<group>"; };
		74E36B911F529CE40052FA94 /* MainWorker.swift */ = {isa = PBXFileReference; fileEncoding = 4; lastKnownFileType = sourcecode.swift; name = MainWorker.swift; path = Modules/Main/MainWorker.swift; sourceTree = "<group>"; };
		74E36B921F529CE40052FA94 /* MainRouter.swift */ = {isa = PBXFileReference; fileEncoding = 4; lastKnownFileType = sourcecode.swift; name = MainRouter.swift; path = Modules/Main/MainRouter.swift; sourceTree = "<group>"; };
		74E36B931F529CE40052FA94 /* MainInitializer.swift */ = {isa = PBXFileReference; fileEncoding = 4; lastKnownFileType = sourcecode.swift; name = MainInitializer.swift; path = Modules/Main/MainInitializer.swift; sourceTree = "<group>"; };
		74E36B941F529CE40052FA94 /* MainModels.swift */ = {isa = PBXFileReference; fileEncoding = 4; lastKnownFileType = sourcecode.swift; name = MainModels.swift; path = Modules/Main/MainModels.swift; sourceTree = "<group>"; };
		74E36B961F529CE40052FA94 /* MainInteractor.swift */ = {isa = PBXFileReference; fileEncoding = 4; lastKnownFileType = sourcecode.swift; name = MainInteractor.swift; path = Modules/Main/MainInteractor.swift; sourceTree = "<group>"; };
		74E36B971F529CE40052FA94 /* MainConfigurator.swift */ = {isa = PBXFileReference; fileEncoding = 4; lastKnownFileType = sourcecode.swift; name = MainConfigurator.swift; path = Modules/Main/MainConfigurator.swift; sourceTree = "<group>"; };
		74E36BA01F529D0D0052FA94 /* MainViewController.swift */ = {isa = PBXFileReference; fileEncoding = 4; lastKnownFileType = sourcecode.swift; name = MainViewController.swift; path = Modules/Main/MainViewController.swift; sourceTree = "<group>"; };
		74E36BA11F529D0D0052FA94 /* MainViewController.xib */ = {isa = PBXFileReference; fileEncoding = 4; lastKnownFileType = file.xib; name = MainViewController.xib; path = Modules/Main/MainViewController.xib; sourceTree = "<group>"; };
		74E36BA51F52A7A10052FA94 /* CustomStackView.swift */ = {isa = PBXFileReference; fileEncoding = 4; lastKnownFileType = sourcecode.swift; name = CustomStackView.swift; path = Common/Components/CustomStackView.swift; sourceTree = "<group>"; };
		74E36BAA1F537C470052FA94 /* FeedPresenter.swift */ = {isa = PBXFileReference; fileEncoding = 4; lastKnownFileType = sourcecode.swift; name = FeedPresenter.swift; path = Modules/Feed/FeedPresenter.swift; sourceTree = "<group>"; };
		74E36BAB1F537C470052FA94 /* FeedWorker.swift */ = {isa = PBXFileReference; fileEncoding = 4; lastKnownFileType = sourcecode.swift; name = FeedWorker.swift; path = Modules/Feed/FeedWorker.swift; sourceTree = "<group>"; };
		74E36BAC1F537C470052FA94 /* FeedRouter.swift */ = {isa = PBXFileReference; fileEncoding = 4; lastKnownFileType = sourcecode.swift; name = FeedRouter.swift; path = Modules/Feed/FeedRouter.swift; sourceTree = "<group>"; };
		74E36BAD1F537C470052FA94 /* FeedInitializer.swift */ = {isa = PBXFileReference; fileEncoding = 4; lastKnownFileType = sourcecode.swift; name = FeedInitializer.swift; path = Modules/Feed/FeedInitializer.swift; sourceTree = "<group>"; };
		74E36BAE1F537C470052FA94 /* FeedModels.swift */ = {isa = PBXFileReference; fileEncoding = 4; lastKnownFileType = sourcecode.swift; name = FeedModels.swift; path = Modules/Feed/FeedModels.swift; sourceTree = "<group>"; };
		74E36BAF1F537C470052FA94 /* FeedViewController.swift */ = {isa = PBXFileReference; fileEncoding = 4; lastKnownFileType = sourcecode.swift; name = FeedViewController.swift; path = Modules/Feed/FeedViewController.swift; sourceTree = "<group>"; };
		74E36BB01F537C470052FA94 /* FeedInteractor.swift */ = {isa = PBXFileReference; fileEncoding = 4; lastKnownFileType = sourcecode.swift; name = FeedInteractor.swift; path = Modules/Feed/FeedInteractor.swift; sourceTree = "<group>"; };
		74E36BB11F537C470052FA94 /* FeedConfigurator.swift */ = {isa = PBXFileReference; fileEncoding = 4; lastKnownFileType = sourcecode.swift; name = FeedConfigurator.swift; path = Modules/Feed/FeedConfigurator.swift; sourceTree = "<group>"; };
		74E36BBB1F540FCE0052FA94 /* FeedViewController.xib */ = {isa = PBXFileReference; fileEncoding = 4; lastKnownFileType = file.xib; name = FeedViewController.xib; path = Modules/Feed/FeedViewController.xib; sourceTree = "<group>"; };
		74E36BBF1F5412CF0052FA94 /* Tweet.swift */ = {isa = PBXFileReference; fileEncoding = 4; lastKnownFileType = sourcecode.swift; name = Tweet.swift; path = Common/Models/Tweet.swift; sourceTree = "<group>"; };
		74E36BC61F543BCF0052FA94 /* TweetCell.swift */ = {isa = PBXFileReference; fileEncoding = 4; lastKnownFileType = sourcecode.swift; name = TweetCell.swift; path = Modules/Feed/TweetCell.swift; sourceTree = "<group>"; };
		74E36BC71F543BCF0052FA94 /* TweetCell.xib */ = {isa = PBXFileReference; fileEncoding = 4; lastKnownFileType = file.xib; name = TweetCell.xib; path = Modules/Feed/TweetCell.xib; sourceTree = "<group>"; };
		74E36BCE1F543E530052FA94 /* FeedViewController+TableView.swift */ = {isa = PBXFileReference; fileEncoding = 4; lastKnownFileType = sourcecode.swift; name = "FeedViewController+TableView.swift"; path = "Modules/Feed/FeedViewController+TableView.swift"; sourceTree = "<group>"; };
		74E36BD21F5449B30052FA94 /* SearchPresenter.swift */ = {isa = PBXFileReference; fileEncoding = 4; lastKnownFileType = sourcecode.swift; name = SearchPresenter.swift; path = Modules/Search/SearchPresenter.swift; sourceTree = "<group>"; };
		74E36BD31F5449B30052FA94 /* SearchWorker.swift */ = {isa = PBXFileReference; fileEncoding = 4; lastKnownFileType = sourcecode.swift; name = SearchWorker.swift; path = Modules/Search/SearchWorker.swift; sourceTree = "<group>"; };
		74E36BD41F5449B30052FA94 /* SearchRouter.swift */ = {isa = PBXFileReference; fileEncoding = 4; lastKnownFileType = sourcecode.swift; name = SearchRouter.swift; path = Modules/Search/SearchRouter.swift; sourceTree = "<group>"; };
		74E36BD51F5449B30052FA94 /* SearchInitializer.swift */ = {isa = PBXFileReference; fileEncoding = 4; lastKnownFileType = sourcecode.swift; name = SearchInitializer.swift; path = Modules/Search/SearchInitializer.swift; sourceTree = "<group>"; };
		74E36BD61F5449B30052FA94 /* SearchModels.swift */ = {isa = PBXFileReference; fileEncoding = 4; lastKnownFileType = sourcecode.swift; name = SearchModels.swift; path = Modules/Search/SearchModels.swift; sourceTree = "<group>"; };
		74E36BD71F5449B30052FA94 /* SearchViewController.swift */ = {isa = PBXFileReference; fileEncoding = 4; lastKnownFileType = sourcecode.swift; name = SearchViewController.swift; path = Modules/Search/SearchViewController.swift; sourceTree = "<group>"; };
		74E36BD81F5449B30052FA94 /* SearchInteractor.swift */ = {isa = PBXFileReference; fileEncoding = 4; lastKnownFileType = sourcecode.swift; name = SearchInteractor.swift; path = Modules/Search/SearchInteractor.swift; sourceTree = "<group>"; };
		74E36BD91F5449B30052FA94 /* SearchConfigurator.swift */ = {isa = PBXFileReference; fileEncoding = 4; lastKnownFileType = sourcecode.swift; name = SearchConfigurator.swift; path = Modules/Search/SearchConfigurator.swift; sourceTree = "<group>"; };
		74E36BF41F5449DC0052FA94 /* SearchViewController.xib */ = {isa = PBXFileReference; fileEncoding = 4; lastKnownFileType = file.xib; name = SearchViewController.xib; path = Modules/Search/SearchViewController.xib; sourceTree = "<group>"; };
		74E36BFB1F5456D90052FA94 /* SearchViewController+UISearchBar.swift */ = {isa = PBXFileReference; fileEncoding = 4; lastKnownFileType = sourcecode.swift; name = "SearchViewController+UISearchBar.swift"; path = "Modules/Search/SearchViewController+UISearchBar.swift"; sourceTree = "<group>"; };
		74E36BFF1F545CAC0052FA94 /* SearchViewController+UITableView.swift */ = {isa = PBXFileReference; fileEncoding = 4; lastKnownFileType = sourcecode.swift; name = "SearchViewController+UITableView.swift"; path = "Modules/Search/SearchViewController+UITableView.swift"; sourceTree = "<group>"; };
		74E36C031F5478130052FA94 /* TrendsPresenter.swift */ = {isa = PBXFileReference; fileEncoding = 4; lastKnownFileType = sourcecode.swift; name = TrendsPresenter.swift; path = Modules/Trends/TrendsPresenter.swift; sourceTree = "<group>"; };
		74E36C041F5478130052FA94 /* TrendsWorker.swift */ = {isa = PBXFileReference; fileEncoding = 4; lastKnownFileType = sourcecode.swift; name = TrendsWorker.swift; path = Modules/Trends/TrendsWorker.swift; sourceTree = "<group>"; };
		74E36C051F5478130052FA94 /* TrendsRouter.swift */ = {isa = PBXFileReference; fileEncoding = 4; lastKnownFileType = sourcecode.swift; name = TrendsRouter.swift; path = Modules/Trends/TrendsRouter.swift; sourceTree = "<group>"; };
		74E36C061F5478130052FA94 /* TrendsInitializer.swift */ = {isa = PBXFileReference; fileEncoding = 4; lastKnownFileType = sourcecode.swift; name = TrendsInitializer.swift; path = Modules/Trends/TrendsInitializer.swift; sourceTree = "<group>"; };
		74E36C071F5478130052FA94 /* TrendsModels.swift */ = {isa = PBXFileReference; fileEncoding = 4; lastKnownFileType = sourcecode.swift; name = TrendsModels.swift; path = Modules/Trends/TrendsModels.swift; sourceTree = "<group>"; };
		74E36C081F5478130052FA94 /* TrendsViewController.swift */ = {isa = PBXFileReference; fileEncoding = 4; lastKnownFileType = sourcecode.swift; name = TrendsViewController.swift; path = Modules/Trends/TrendsViewController.swift; sourceTree = "<group>"; };
		74E36C091F5478130052FA94 /* TrendsInteractor.swift */ = {isa = PBXFileReference; fileEncoding = 4; lastKnownFileType = sourcecode.swift; name = TrendsInteractor.swift; path = Modules/Trends/TrendsInteractor.swift; sourceTree = "<group>"; };
		74E36C0A1F5478130052FA94 /* TrendsConfigurator.swift */ = {isa = PBXFileReference; fileEncoding = 4; lastKnownFileType = sourcecode.swift; name = TrendsConfigurator.swift; path = Modules/Trends/TrendsConfigurator.swift; sourceTree = "<group>"; };
		74E36C241F54784A0052FA94 /* TrendsViewController.xib */ = {isa = PBXFileReference; fileEncoding = 4; lastKnownFileType = file.xib; name = TrendsViewController.xib; path = Modules/Trends/TrendsViewController.xib; sourceTree = "<group>"; };
		74E36C2C1F5478DD0052FA94 /* TrendsViewController+UITableView.swift */ = {isa = PBXFileReference; fileEncoding = 4; lastKnownFileType = sourcecode.swift; name = "TrendsViewController+UITableView.swift"; path = "Modules/Trends/TrendsViewController+UITableView.swift"; sourceTree = "<group>"; };
		74E36C301F547E920052FA94 /* Trends.swift */ = {isa = PBXFileReference; fileEncoding = 4; lastKnownFileType = sourcecode.swift; name = Trends.swift; path = Common/Models/Trends.swift; sourceTree = "<group>"; };
		74E36C331F5481F80052FA94 /* TrendsTableViewCell.swift */ = {isa = PBXFileReference; fileEncoding = 4; lastKnownFileType = sourcecode.swift; name = TrendsTableViewCell.swift; path = Modules/Trends/TrendsTableViewCell.swift; sourceTree = "<group>"; };
		74E36C341F5481F80052FA94 /* TrendsTableViewCell.xib */ = {isa = PBXFileReference; fileEncoding = 4; lastKnownFileType = file.xib; name = TrendsTableViewCell.xib; path = Modules/Trends/TrendsTableViewCell.xib; sourceTree = "<group>"; };
		A4C739E69013CBBC17983730 /* Pods-InvolvesTTUITests.release.xcconfig */ = {isa = PBXFileReference; includeInIndex = 1; lastKnownFileType = text.xcconfig; name = "Pods-InvolvesTTUITests.release.xcconfig"; path = "Pods/Target Support Files/Pods-InvolvesTTUITests/Pods-InvolvesTTUITests.release.xcconfig"; sourceTree = "<group>"; };
		B1EA2FBC76B8925B9BCA85B5 /* Pods-InvolvesTTTests.debug.xcconfig */ = {isa = PBXFileReference; includeInIndex = 1; lastKnownFileType = text.xcconfig; name = "Pods-InvolvesTTTests.debug.xcconfig"; path = "Pods/Target Support Files/Pods-InvolvesTTTests/Pods-InvolvesTTTests.debug.xcconfig"; sourceTree = "<group>"; };
		C1581B383C4179444850BDC8 /* Pods-InvolvesTTTests.release.xcconfig */ = {isa = PBXFileReference; includeInIndex = 1; lastKnownFileType = text.xcconfig; name = "Pods-InvolvesTTTests.release.xcconfig"; path = "Pods/Target Support Files/Pods-InvolvesTTTests/Pods-InvolvesTTTests.release.xcconfig"; sourceTree = "<group>"; };
		CDFDA916AEC51C0BF19161BA /* Pods_InvolvesTTUITests.framework */ = {isa = PBXFileReference; explicitFileType = wrapper.framework; includeInIndex = 0; path = Pods_InvolvesTTUITests.framework; sourceTree = BUILT_PRODUCTS_DIR; };
		E4E1FFE744F18C060621F4BE /* Pods_InvolvesTT.framework */ = {isa = PBXFileReference; explicitFileType = wrapper.framework; includeInIndex = 0; path = Pods_InvolvesTT.framework; sourceTree = BUILT_PRODUCTS_DIR; };
/* End PBXFileReference section */

/* Begin PBXFrameworksBuildPhase section */
		741785281F4BAA360066E23B /* Frameworks */ = {
			isa = PBXFrameworksBuildPhase;
			buildActionMask = 2147483647;
			files = (
				74871CE01F4CEA7900E77C30 /* SafariServices.framework in Frameworks */,
				2D9BAD1D66135D5F08B6D112 /* Pods_InvolvesTT.framework in Frameworks */,
			);
			runOnlyForDeploymentPostprocessing = 0;
		};
		7417853C1F4BAA360066E23B /* Frameworks */ = {
			isa = PBXFrameworksBuildPhase;
			buildActionMask = 2147483647;
			files = (
				D3227E1997B8B3D762848FC1 /* Pods_InvolvesTTTests.framework in Frameworks */,
			);
			runOnlyForDeploymentPostprocessing = 0;
		};
		741785471F4BAA360066E23B /* Frameworks */ = {
			isa = PBXFrameworksBuildPhase;
			buildActionMask = 2147483647;
			files = (
				CB2AF3F6CD114F5E54550F00 /* Pods_InvolvesTTUITests.framework in Frameworks */,
			);
			runOnlyForDeploymentPostprocessing = 0;
		};
/* End PBXFrameworksBuildPhase section */

/* Begin PBXGroup section */
		06BBE5BF6D158D93B8CB203C /* Pods */ = {
			isa = PBXGroup;
			children = (
				2A262A16314BE6D6F2B5846F /* Pods-InvolvesTT.debug.xcconfig */,
				48669EF758B6E073CDBB9797 /* Pods-InvolvesTT.release.xcconfig */,
				B1EA2FBC76B8925B9BCA85B5 /* Pods-InvolvesTTTests.debug.xcconfig */,
				C1581B383C4179444850BDC8 /* Pods-InvolvesTTTests.release.xcconfig */,
				6D624F452F53BA715BB58DE4 /* Pods-InvolvesTTUITests.debug.xcconfig */,
				A4C739E69013CBBC17983730 /* Pods-InvolvesTTUITests.release.xcconfig */,
			);
			name = Pods;
			sourceTree = "<group>";
		};
		741785221F4BAA360066E23B = {
			isa = PBXGroup;
			children = (
				7417852D1F4BAA360066E23B /* InvolvesTT */,
				741785421F4BAA360066E23B /* InvolvesTTTests */,
				7417854D1F4BAA360066E23B /* InvolvesTTUITests */,
				7417852C1F4BAA360066E23B /* Products */,
				06BBE5BF6D158D93B8CB203C /* Pods */,
				C62B8E92CCF0CABAD285FA36 /* Frameworks */,
			);
			sourceTree = "<group>";
		};
		7417852C1F4BAA360066E23B /* Products */ = {
			isa = PBXGroup;
			children = (
				7417852B1F4BAA360066E23B /* InvolvesTT.app */,
				7417853F1F4BAA360066E23B /* InvolvesTTTests.xctest */,
				7417854A1F4BAA360066E23B /* InvolvesTTUITests.xctest */,
			);
			name = Products;
			sourceTree = "<group>";
		};
		7417852D1F4BAA360066E23B /* InvolvesTT */ = {
			isa = PBXGroup;
			children = (
				7417855F1F4BAF970066E23B /* Modules */,
				7417855D1F4BAF7F0066E23B /* Resources */,
				7417855C1F4BAF770066E23B /* Common */,
			);
			path = InvolvesTT;
			sourceTree = "<group>";
		};
		741785421F4BAA360066E23B /* InvolvesTTTests */ = {
			isa = PBXGroup;
			children = (
				741785431F4BAA360066E23B /* InvolvesTTTests.swift */,
				741785451F4BAA360066E23B /* Info.plist */,
			);
			path = InvolvesTTTests;
			sourceTree = "<group>";
		};
		7417854D1F4BAA360066E23B /* InvolvesTTUITests */ = {
			isa = PBXGroup;
			children = (
				7417854E1F4BAA360066E23B /* InvolvesTTUITests.swift */,
				741785501F4BAA360066E23B /* Info.plist */,
			);
			path = InvolvesTTUITests;
			sourceTree = "<group>";
		};
		7417855C1F4BAF770066E23B /* Common */ = {
			isa = PBXGroup;
			children = (
				74E36BBE1F5411920052FA94 /* Models */,
				74E36BA41F52A77E0052FA94 /* Components */,
				74C90F441F4CCE2B008C0B6E /* API */,
				74C90F3F1F4CC3AD008C0B6E /* Extensions */,
				7417855E1F4BAF890066E23B /* AppData */,
			);
			name = Common;
			sourceTree = "<group>";
		};
		7417855D1F4BAF7F0066E23B /* Resources */ = {
			isa = PBXGroup;
			children = (
				741785371F4BAA360066E23B /* LaunchScreen.storyboard */,
				741785351F4BAA360066E23B /* Assets.xcassets */,
			);
			name = Resources;
			sourceTree = "<group>";
		};
		7417855E1F4BAF890066E23B /* AppData */ = {
			isa = PBXGroup;
			children = (
				7417852E1F4BAA360066E23B /* AppDelegate.swift */,
				7417853A1F4BAA360066E23B /* Info.plist */,
			);
			name = AppData;
			sourceTree = "<group>";
		};
		7417855F1F4BAF970066E23B /* Modules */ = {
			isa = PBXGroup;
			children = (
				74E36BA91F52A8EB0052FA94 /* Feed */,
				74E36BA81F52A8E20052FA94 /* Search */,
				74E36BA71F52A8DC0052FA94 /* Trends */,
				7423C7221F524741009F75D1 /* Main */,
				7417857B1F4BC1000066E23B /* Login */,
			);
			name = Modules;
			sourceTree = "<group>";
		};
		7417857B1F4BC1000066E23B /* Login */ = {
			isa = PBXGroup;
			children = (
				741785A91F4BC18E0066E23B /* Models */,
				741785A81F4BC1860066E23B /* Interactor */,
				741785A71F4BC17A0066E23B /* Configurator */,
				741785A61F4BC1730066E23B /* Router */,
				741785A51F4BC1670066E23B /* Presenter */,
				7417859C1F4BC1300066E23B /* View */,
			);
			name = Login;
			sourceTree = "<group>";
		};
		7417859C1F4BC1300066E23B /* View */ = {
			isa = PBXGroup;
			children = (
				7417859D1F4BC1500066E23B /* LoginViewController.swift */,
				7417859E1F4BC1500066E23B /* LoginViewController.xib */,
				74871D0E1F4E36DC00E77C30 /* SFLoginViewController.swift */,
			);
			name = View;
			sourceTree = "<group>";
		};
		741785A51F4BC1670066E23B /* Presenter */ = {
			isa = PBXGroup;
			children = (
				7417857C1F4BC1260066E23B /* LoginPresenter.swift */,
			);
			name = Presenter;
			sourceTree = "<group>";
		};
		741785A61F4BC1730066E23B /* Router */ = {
			isa = PBXGroup;
			children = (
				7417857E1F4BC1260066E23B /* LoginRouter.swift */,
			);
			name = Router;
			sourceTree = "<group>";
		};
		741785A71F4BC17A0066E23B /* Configurator */ = {
			isa = PBXGroup;
			children = (
				7417857F1F4BC1260066E23B /* LoginInitializer.swift */,
				741785831F4BC1260066E23B /* LoginConfigurator.swift */,
			);
			name = Configurator;
			sourceTree = "<group>";
		};
		741785A81F4BC1860066E23B /* Interactor */ = {
			isa = PBXGroup;
			children = (
				741785821F4BC1260066E23B /* LoginInteractor.swift */,
			);
			name = Interactor;
			sourceTree = "<group>";
		};
		741785A91F4BC18E0066E23B /* Models */ = {
			isa = PBXGroup;
			children = (
				741785801F4BC1260066E23B /* LoginModels.swift */,
			);
			name = Models;
			sourceTree = "<group>";
		};
		7423C7221F524741009F75D1 /* Main */ = {
			isa = PBXGroup;
			children = (
				74E36B901F529CE40052FA94 /* MainPresenter.swift */,
				74E36B911F529CE40052FA94 /* MainWorker.swift */,
				74E36B921F529CE40052FA94 /* MainRouter.swift */,
				74E36B931F529CE40052FA94 /* MainInitializer.swift */,
				74E36B941F529CE40052FA94 /* MainModels.swift */,
				74E36B961F529CE40052FA94 /* MainInteractor.swift */,
				74E36B971F529CE40052FA94 /* MainConfigurator.swift */,
				74E36BA01F529D0D0052FA94 /* MainViewController.swift */,
				74E36BA11F529D0D0052FA94 /* MainViewController.xib */,
			);
			name = Main;
			sourceTree = "<group>";
		};
		74871D031F4E2E9B00E77C30 /* CommonCrypto */ = {
			isa = PBXGroup;
			children = (
				74871D041F4E2EAF00E77C30 /* HMAC.swift */,
				74871D051F4E2EAF00E77C30 /* SHA1.swift */,
				74871D061F4E2EAF00E77C30 /* Utils.swift */,
			);
			name = CommonCrypto;
			sourceTree = "<group>";
		};
		74C90F3F1F4CC3AD008C0B6E /* Extensions */ = {
			isa = PBXGroup;
			children = (
				74871D031F4E2E9B00E77C30 /* CommonCrypto */,
				74C90F421F4CC4BA008C0B6E /* UIView+Borders.swift */,
				74C90F401F4CC3D0008C0B6E /* CustomTextField.swift */,
				74871CEF1F4E075D00E77C30 /* String+Extensions.swift */,
				74871CF71F4E1B1B00E77C30 /* Dictionary+Extensions.swift */,
				74871CF91F4E1B4B00E77C30 /* URL+Extensions.swift */,
				74871CFF1F4E28CD00E77C30 /* Operator++.swift */,
				74871D0A1F4E313E00E77C30 /* Data+Extension.swift */,
				74871D0C1F4E317200E77C30 /* Scanner.swift */,
			);
			name = Extensions;
			sourceTree = "<group>";
		};
		74C90F441F4CCE2B008C0B6E /* API */ = {
			isa = PBXGroup;
			children = (
				74871CEB1F4E051100E77C30 /* JSON.swift */,
				74C90F451F4CCE49008C0B6E /* InvolvesAPI.swift */,
				74871CED1F4E070400E77C30 /* Credential.swift */,
				74871CF11F4E088700E77C30 /* TwitterAuth.swift */,
				74871CF31F4E0D3600E77C30 /* TwitterError.swift */,
				74871CF51F4E19EB00E77C30 /* TwitterRequest.swift */,
				74871CFB1F4E205200E77C30 /* TwitterClientProtocol.swift */,
				74871CFD1F4E280700E77C30 /* OAuthClient.swift */,
				74871D011F4E2DC300E77C30 /* AppOnlyClient.swift */,
				7423C71C1F524505009F75D1 /* TwitterTimeline.swift */,
				7423C71E1F52466D009F75D1 /* TwitterTrends.swift */,
				7423C7201F5246A4009F75D1 /* TwitterSearch.swift */,
			);
			name = API;
			sourceTree = "<group>";
		};
		74E36BA41F52A77E0052FA94 /* Components */ = {
			isa = PBXGroup;
			children = (
				74E36BA51F52A7A10052FA94 /* CustomStackView.swift */,
			);
			name = Components;
			sourceTree = "<group>";
		};
		74E36BA71F52A8DC0052FA94 /* Trends */ = {
			isa = PBXGroup;
			children = (
				74E36C2B1F5478B00052FA94 /* VIews */,
				74E36C031F5478130052FA94 /* TrendsPresenter.swift */,
				74E36C041F5478130052FA94 /* TrendsWorker.swift */,
				74E36C051F5478130052FA94 /* TrendsRouter.swift */,
				74E36C061F5478130052FA94 /* TrendsInitializer.swift */,
				74E36C071F5478130052FA94 /* TrendsModels.swift */,
				74E36C091F5478130052FA94 /* TrendsInteractor.swift */,
				74E36C0A1F5478130052FA94 /* TrendsConfigurator.swift */,
			);
			name = Trends;
			sourceTree = "<group>";
		};
		74E36BA81F52A8E20052FA94 /* Search */ = {
			isa = PBXGroup;
			children = (
				74E36BF21F5449C40052FA94 /* Views */,
				74E36BD21F5449B30052FA94 /* SearchPresenter.swift */,
				74E36BD31F5449B30052FA94 /* SearchWorker.swift */,
				74E36BD41F5449B30052FA94 /* SearchRouter.swift */,
				74E36BD51F5449B30052FA94 /* SearchInitializer.swift */,
				74E36BD61F5449B30052FA94 /* SearchModels.swift */,
				74E36BD81F5449B30052FA94 /* SearchInteractor.swift */,
				74E36BD91F5449B30052FA94 /* SearchConfigurator.swift */,
			);
			name = Search;
			sourceTree = "<group>";
		};
		74E36BA91F52A8EB0052FA94 /* Feed */ = {
			isa = PBXGroup;
			children = (
				74E36BC51F543BAE0052FA94 /* View */,
				74E36BAA1F537C470052FA94 /* FeedPresenter.swift */,
				74E36BAB1F537C470052FA94 /* FeedWorker.swift */,
				74E36BAC1F537C470052FA94 /* FeedRouter.swift */,
				74E36BAD1F537C470052FA94 /* FeedInitializer.swift */,
				74E36BAE1F537C470052FA94 /* FeedModels.swift */,
				74E36BB01F537C470052FA94 /* FeedInteractor.swift */,
				74E36BB11F537C470052FA94 /* FeedConfigurator.swift */,
			);
			name = Feed;
			sourceTree = "<group>";
		};
		74E36BBE1F5411920052FA94 /* Models */ = {
			isa = PBXGroup;
			children = (
				74E36BBF1F5412CF0052FA94 /* Tweet.swift */,
				74E36C301F547E920052FA94 /* Trends.swift */,
			);
			name = Models;
			sourceTree = "<group>";
		};
		74E36BC51F543BAE0052FA94 /* View */ = {
			isa = PBXGroup;
			children = (
				74E36BAF1F537C470052FA94 /* FeedViewController.swift */,
				74E36BBB1F540FCE0052FA94 /* FeedViewController.xib */,
				74E36BC61F543BCF0052FA94 /* TweetCell.swift */,
				74E36BC71F543BCF0052FA94 /* TweetCell.xib */,
				74E36BCE1F543E530052FA94 /* FeedViewController+TableView.swift */,
			);
			name = View;
			sourceTree = "<group>";
		};
		74E36BF21F5449C40052FA94 /* Views */ = {
			isa = PBXGroup;
			children = (
				74E36BD71F5449B30052FA94 /* SearchViewController.swift */,
				74E36BF41F5449DC0052FA94 /* SearchViewController.xib */,
				74E36BFB1F5456D90052FA94 /* SearchViewController+UISearchBar.swift */,
				74E36BFF1F545CAC0052FA94 /* SearchViewController+UITableView.swift */,
			);
			name = Views;
			sourceTree = "<group>";
		};
		74E36C2B1F5478B00052FA94 /* VIews */ = {
			isa = PBXGroup;
			children = (
				74E36C081F5478130052FA94 /* TrendsViewController.swift */,
				74E36C241F54784A0052FA94 /* TrendsViewController.xib */,
				74E36C2C1F5478DD0052FA94 /* TrendsViewController+UITableView.swift */,
				74E36C331F5481F80052FA94 /* TrendsTableViewCell.swift */,
				74E36C341F5481F80052FA94 /* TrendsTableViewCell.xib */,
			);
			name = VIews;
			sourceTree = "<group>";
		};
		C62B8E92CCF0CABAD285FA36 /* Frameworks */ = {
			isa = PBXGroup;
			children = (
				74871CDF1F4CEA7900E77C30 /* SafariServices.framework */,
				E4E1FFE744F18C060621F4BE /* Pods_InvolvesTT.framework */,
				2BA0D5E5D63F862B3842A855 /* Pods_InvolvesTTTests.framework */,
				CDFDA916AEC51C0BF19161BA /* Pods_InvolvesTTUITests.framework */,
			);
			name = Frameworks;
			sourceTree = "<group>";
		};
/* End PBXGroup section */

/* Begin PBXNativeTarget section */
		7417852A1F4BAA360066E23B /* InvolvesTT */ = {
			isa = PBXNativeTarget;
			buildConfigurationList = 741785531F4BAA360066E23B /* Build configuration list for PBXNativeTarget "InvolvesTT" */;
			buildPhases = (
				BB9E3CEB479E634EAB8E1EE3 /* [CP] Check Pods Manifest.lock */,
				741785271F4BAA360066E23B /* Sources */,
				741785281F4BAA360066E23B /* Frameworks */,
				741785291F4BAA360066E23B /* Resources */,
				E10606CCE5D256F27D3397CD /* [CP] Embed Pods Frameworks */,
				A4212D4CD358F89FA52EA5BD /* [CP] Copy Pods Resources */,
			);
			buildRules = (
			);
			dependencies = (
			);
			name = InvolvesTT;
			productName = InvolvesTT;
			productReference = 7417852B1F4BAA360066E23B /* InvolvesTT.app */;
			productType = "com.apple.product-type.application";
		};
		7417853E1F4BAA360066E23B /* InvolvesTTTests */ = {
			isa = PBXNativeTarget;
			buildConfigurationList = 741785561F4BAA360066E23B /* Build configuration list for PBXNativeTarget "InvolvesTTTests" */;
			buildPhases = (
				63BA58FA5B495A74FBBB540E /* [CP] Check Pods Manifest.lock */,
				7417853B1F4BAA360066E23B /* Sources */,
				7417853C1F4BAA360066E23B /* Frameworks */,
				7417853D1F4BAA360066E23B /* Resources */,
				5006EB35520F2262C3D5AB6A /* [CP] Embed Pods Frameworks */,
				EC9073C47F4E14ACCCFA3F84 /* [CP] Copy Pods Resources */,
			);
			buildRules = (
			);
			dependencies = (
				741785411F4BAA360066E23B /* PBXTargetDependency */,
			);
			name = InvolvesTTTests;
			productName = InvolvesTTTests;
			productReference = 7417853F1F4BAA360066E23B /* InvolvesTTTests.xctest */;
			productType = "com.apple.product-type.bundle.unit-test";
		};
		741785491F4BAA360066E23B /* InvolvesTTUITests */ = {
			isa = PBXNativeTarget;
			buildConfigurationList = 741785591F4BAA360066E23B /* Build configuration list for PBXNativeTarget "InvolvesTTUITests" */;
			buildPhases = (
				2B91C6AD8EAB4A6705E3FE91 /* [CP] Check Pods Manifest.lock */,
				741785461F4BAA360066E23B /* Sources */,
				741785471F4BAA360066E23B /* Frameworks */,
				741785481F4BAA360066E23B /* Resources */,
				0E7DF040A83AAC97A3FAA47D /* [CP] Embed Pods Frameworks */,
				11FEF74A4D9C8F746BDF3F24 /* [CP] Copy Pods Resources */,
			);
			buildRules = (
			);
			dependencies = (
				7417854C1F4BAA360066E23B /* PBXTargetDependency */,
			);
			name = InvolvesTTUITests;
			productName = InvolvesTTUITests;
			productReference = 7417854A1F4BAA360066E23B /* InvolvesTTUITests.xctest */;
			productType = "com.apple.product-type.bundle.ui-testing";
		};
/* End PBXNativeTarget section */

/* Begin PBXProject section */
		741785231F4BAA360066E23B /* Project object */ = {
			isa = PBXProject;
			attributes = {
				LastSwiftUpdateCheck = 0830;
				LastUpgradeCheck = 0830;
				ORGANIZATIONNAME = "Rafael Leandro";
				TargetAttributes = {
					7417852A1F4BAA360066E23B = {
						CreatedOnToolsVersion = 8.3.3;
						DevelopmentTeam = 87R23937SY;
						ProvisioningStyle = Automatic;
					};
					7417853E1F4BAA360066E23B = {
						CreatedOnToolsVersion = 8.3.3;
						DevelopmentTeam = 87R23937SY;
						ProvisioningStyle = Automatic;
						TestTargetID = 7417852A1F4BAA360066E23B;
					};
					741785491F4BAA360066E23B = {
						CreatedOnToolsVersion = 8.3.3;
						DevelopmentTeam = 87R23937SY;
						ProvisioningStyle = Automatic;
						TestTargetID = 7417852A1F4BAA360066E23B;
					};
				};
			};
			buildConfigurationList = 741785261F4BAA360066E23B /* Build configuration list for PBXProject "InvolvesTT" */;
			compatibilityVersion = "Xcode 3.2";
			developmentRegion = English;
			hasScannedForEncodings = 0;
			knownRegions = (
				en,
				Base,
			);
			mainGroup = 741785221F4BAA360066E23B;
			productRefGroup = 7417852C1F4BAA360066E23B /* Products */;
			projectDirPath = "";
			projectRoot = "";
			targets = (
				7417852A1F4BAA360066E23B /* InvolvesTT */,
				7417853E1F4BAA360066E23B /* InvolvesTTTests */,
				741785491F4BAA360066E23B /* InvolvesTTUITests */,
			);
		};
/* End PBXProject section */

/* Begin PBXResourcesBuildPhase section */
		741785291F4BAA360066E23B /* Resources */ = {
			isa = PBXResourcesBuildPhase;
			buildActionMask = 2147483647;
			files = (
				74E36C281F54784A0052FA94 /* TrendsViewController.xib in Resources */,
				741785A21F4BC1500066E23B /* LoginViewController.xib in Resources */,
				74E36BBD1F540FCE0052FA94 /* FeedViewController.xib in Resources */,
				741785391F4BAA360066E23B /* LaunchScreen.storyboard in Resources */,
				741785361F4BAA360066E23B /* Assets.xcassets in Resources */,
				74E36C381F5481F80052FA94 /* TrendsTableViewCell.xib in Resources */,
				74E36BA31F529D0D0052FA94 /* MainViewController.xib in Resources */,
				74E36BCB1F543BCF0052FA94 /* TweetCell.xib in Resources */,
				74E36BF81F5449DC0052FA94 /* SearchViewController.xib in Resources */,
			);
			runOnlyForDeploymentPostprocessing = 0;
		};
		7417853D1F4BAA360066E23B /* Resources */ = {
			isa = PBXResourcesBuildPhase;
			buildActionMask = 2147483647;
			files = (
				74E36C291F54784A0052FA94 /* TrendsViewController.xib in Resources */,
				74E36C391F5481F80052FA94 /* TrendsTableViewCell.xib in Resources */,
				741785A31F4BC1500066E23B /* LoginViewController.xib in Resources */,
				74E36BCC1F543BCF0052FA94 /* TweetCell.xib in Resources */,
				74E36BF91F5449DC0052FA94 /* SearchViewController.xib in Resources */,
			);
			runOnlyForDeploymentPostprocessing = 0;
		};
		741785481F4BAA360066E23B /* Resources */ = {
			isa = PBXResourcesBuildPhase;
			buildActionMask = 2147483647;
			files = (
				74E36C2A1F54784A0052FA94 /* TrendsViewController.xib in Resources */,
				74E36C3A1F5481F80052FA94 /* TrendsTableViewCell.xib in Resources */,
				741785A41F4BC1500066E23B /* LoginViewController.xib in Resources */,
				74E36BCD1F543BCF0052FA94 /* TweetCell.xib in Resources */,
				74E36BFA1F5449DC0052FA94 /* SearchViewController.xib in Resources */,
			);
			runOnlyForDeploymentPostprocessing = 0;
		};
/* End PBXResourcesBuildPhase section */

/* Begin PBXShellScriptBuildPhase section */
		0E7DF040A83AAC97A3FAA47D /* [CP] Embed Pods Frameworks */ = {
			isa = PBXShellScriptBuildPhase;
			buildActionMask = 2147483647;
			files = (
			);
			inputPaths = (
			);
			name = "[CP] Embed Pods Frameworks";
			outputPaths = (
			);
			runOnlyForDeploymentPostprocessing = 0;
			shellPath = /bin/sh;
			shellScript = "\"${SRCROOT}/Pods/Target Support Files/Pods-InvolvesTTUITests/Pods-InvolvesTTUITests-frameworks.sh\"\n";
			showEnvVarsInLog = 0;
		};
		11FEF74A4D9C8F746BDF3F24 /* [CP] Copy Pods Resources */ = {
			isa = PBXShellScriptBuildPhase;
			buildActionMask = 2147483647;
			files = (
			);
			inputPaths = (
			);
			name = "[CP] Copy Pods Resources";
			outputPaths = (
			);
			runOnlyForDeploymentPostprocessing = 0;
			shellPath = /bin/sh;
			shellScript = "\"${SRCROOT}/Pods/Target Support Files/Pods-InvolvesTTUITests/Pods-InvolvesTTUITests-resources.sh\"\n";
			showEnvVarsInLog = 0;
		};
		2B91C6AD8EAB4A6705E3FE91 /* [CP] Check Pods Manifest.lock */ = {
			isa = PBXShellScriptBuildPhase;
			buildActionMask = 2147483647;
			files = (
			);
			inputPaths = (
				"${PODS_PODFILE_DIR_PATH}/Podfile.lock",
				"${PODS_ROOT}/Manifest.lock",
			);
			name = "[CP] Check Pods Manifest.lock";
			outputPaths = (
				"$(DERIVED_FILE_DIR)/Pods-InvolvesTTUITests-checkManifestLockResult.txt",
			);
			runOnlyForDeploymentPostprocessing = 0;
			shellPath = /bin/sh;
			shellScript = "diff \"${PODS_PODFILE_DIR_PATH}/Podfile.lock\" \"${PODS_ROOT}/Manifest.lock\" > /dev/null\nif [ $? != 0 ] ; then\n    # print error to STDERR\n    echo \"error: The sandbox is not in sync with the Podfile.lock. Run 'pod install' or update your CocoaPods installation.\" >&2\n    exit 1\nfi\n# This output is used by Xcode 'outputs' to avoid re-running this script phase.\necho \"SUCCESS\" > \"${SCRIPT_OUTPUT_FILE_0}\"\n";
			showEnvVarsInLog = 0;
		};
		5006EB35520F2262C3D5AB6A /* [CP] Embed Pods Frameworks */ = {
			isa = PBXShellScriptBuildPhase;
			buildActionMask = 2147483647;
			files = (
			);
			inputPaths = (
			);
			name = "[CP] Embed Pods Frameworks";
			outputPaths = (
			);
			runOnlyForDeploymentPostprocessing = 0;
			shellPath = /bin/sh;
			shellScript = "\"${SRCROOT}/Pods/Target Support Files/Pods-InvolvesTTTests/Pods-InvolvesTTTests-frameworks.sh\"\n";
			showEnvVarsInLog = 0;
		};
		63BA58FA5B495A74FBBB540E /* [CP] Check Pods Manifest.lock */ = {
			isa = PBXShellScriptBuildPhase;
			buildActionMask = 2147483647;
			files = (
			);
			inputPaths = (
				"${PODS_PODFILE_DIR_PATH}/Podfile.lock",
				"${PODS_ROOT}/Manifest.lock",
			);
			name = "[CP] Check Pods Manifest.lock";
			outputPaths = (
				"$(DERIVED_FILE_DIR)/Pods-InvolvesTTTests-checkManifestLockResult.txt",
			);
			runOnlyForDeploymentPostprocessing = 0;
			shellPath = /bin/sh;
			shellScript = "diff \"${PODS_PODFILE_DIR_PATH}/Podfile.lock\" \"${PODS_ROOT}/Manifest.lock\" > /dev/null\nif [ $? != 0 ] ; then\n    # print error to STDERR\n    echo \"error: The sandbox is not in sync with the Podfile.lock. Run 'pod install' or update your CocoaPods installation.\" >&2\n    exit 1\nfi\n# This output is used by Xcode 'outputs' to avoid re-running this script phase.\necho \"SUCCESS\" > \"${SCRIPT_OUTPUT_FILE_0}\"\n";
			showEnvVarsInLog = 0;
		};
		A4212D4CD358F89FA52EA5BD /* [CP] Copy Pods Resources */ = {
			isa = PBXShellScriptBuildPhase;
			buildActionMask = 2147483647;
			files = (
			);
			inputPaths = (
				"${SRCROOT}/Pods/Target Support Files/Pods-InvolvesTT/Pods-InvolvesTT-resources.sh",
				"${PODS_ROOT}/TwitterKit/iOS/TwitterKit.framework/TwitterKitResources.bundle",
				"${PODS_ROOT}/TwitterKit/iOS/TwitterKit.framework/TwitterShareExtensionUIResources.bundle",
			);
			name = "[CP] Copy Pods Resources";
			outputPaths = (
				"${TARGET_BUILD_DIR}/${UNLOCALIZED_RESOURCES_FOLDER_PATH}",
			);
			runOnlyForDeploymentPostprocessing = 0;
			shellPath = /bin/sh;
			shellScript = "\"${SRCROOT}/Pods/Target Support Files/Pods-InvolvesTT/Pods-InvolvesTT-resources.sh\"\n";
			showEnvVarsInLog = 0;
		};
		BB9E3CEB479E634EAB8E1EE3 /* [CP] Check Pods Manifest.lock */ = {
			isa = PBXShellScriptBuildPhase;
			buildActionMask = 2147483647;
			files = (
			);
			inputPaths = (
				"${PODS_PODFILE_DIR_PATH}/Podfile.lock",
				"${PODS_ROOT}/Manifest.lock",
			);
			name = "[CP] Check Pods Manifest.lock";
			outputPaths = (
				"$(DERIVED_FILE_DIR)/Pods-InvolvesTT-checkManifestLockResult.txt",
			);
			runOnlyForDeploymentPostprocessing = 0;
			shellPath = /bin/sh;
			shellScript = "diff \"${PODS_PODFILE_DIR_PATH}/Podfile.lock\" \"${PODS_ROOT}/Manifest.lock\" > /dev/null\nif [ $? != 0 ] ; then\n    # print error to STDERR\n    echo \"error: The sandbox is not in sync with the Podfile.lock. Run 'pod install' or update your CocoaPods installation.\" >&2\n    exit 1\nfi\n# This output is used by Xcode 'outputs' to avoid re-running this script phase.\necho \"SUCCESS\" > \"${SCRIPT_OUTPUT_FILE_0}\"\n";
			showEnvVarsInLog = 0;
		};
		E10606CCE5D256F27D3397CD /* [CP] Embed Pods Frameworks */ = {
			isa = PBXShellScriptBuildPhase;
			buildActionMask = 2147483647;
			files = (
			);
			inputPaths = (
				"${SRCROOT}/Pods/Target Support Files/Pods-InvolvesTT/Pods-InvolvesTT-frameworks.sh",
				"${BUILT_PRODUCTS_DIR}/OAuthSwift/OAuthSwift.framework",
			);
			name = "[CP] Embed Pods Frameworks";
			outputPaths = (
				"${TARGET_BUILD_DIR}/${FRAMEWORKS_FOLDER_PATH}/OAuthSwift.framework",
			);
			runOnlyForDeploymentPostprocessing = 0;
			shellPath = /bin/sh;
			shellScript = "\"${SRCROOT}/Pods/Target Support Files/Pods-InvolvesTT/Pods-InvolvesTT-frameworks.sh\"\n";
			showEnvVarsInLog = 0;
		};
		EC9073C47F4E14ACCCFA3F84 /* [CP] Copy Pods Resources */ = {
			isa = PBXShellScriptBuildPhase;
			buildActionMask = 2147483647;
			files = (
			);
			inputPaths = (
			);
			name = "[CP] Copy Pods Resources";
			outputPaths = (
			);
			runOnlyForDeploymentPostprocessing = 0;
			shellPath = /bin/sh;
			shellScript = "\"${SRCROOT}/Pods/Target Support Files/Pods-InvolvesTTTests/Pods-InvolvesTTTests-resources.sh\"\n";
			showEnvVarsInLog = 0;
		};
/* End PBXShellScriptBuildPhase section */

/* Begin PBXSourcesBuildPhase section */
		741785271F4BAA360066E23B /* Sources */ = {
			isa = PBXSourcesBuildPhase;
			buildActionMask = 2147483647;
			files = (
				74E36BEF1F5449B30052FA94 /* SearchConfigurator.swift in Sources */,
				74E36B991F529CE40052FA94 /* MainWorker.swift in Sources */,
				74E36BB61F537C470052FA94 /* FeedModels.swift in Sources */,
				74871D081F4E2EAF00E77C30 /* SHA1.swift in Sources */,
				74E36C0B1F5478130052FA94 /* TrendsPresenter.swift in Sources */,
				74E36BC81F543BCF0052FA94 /* TweetCell.swift in Sources */,
				74871CFE1F4E280700E77C30 /* OAuthClient.swift in Sources */,
				741785841F4BC1260066E23B /* LoginPresenter.swift in Sources */,
				74E36C111F5478130052FA94 /* TrendsRouter.swift in Sources */,
				74E36BEC1F5449B30052FA94 /* SearchInteractor.swift in Sources */,
				74E36C141F5478130052FA94 /* TrendsInitializer.swift in Sources */,
				74871D0F1F4E36DC00E77C30 /* SFLoginViewController.swift in Sources */,
				74E36BB51F537C470052FA94 /* FeedInitializer.swift in Sources */,
				74871CF61F4E19EB00E77C30 /* TwitterRequest.swift in Sources */,
				74C90F411F4CC3D0008C0B6E /* CustomTextField.swift in Sources */,
				74E36C171F5478130052FA94 /* TrendsModels.swift in Sources */,
				74871D091F4E2EAF00E77C30 /* Utils.swift in Sources */,
				74E36B9F1F529CE40052FA94 /* MainConfigurator.swift in Sources */,
				74E36BC01F5412CF0052FA94 /* Tweet.swift in Sources */,
				74871CEE1F4E070400E77C30 /* Credential.swift in Sources */,
				7423C71D1F524505009F75D1 /* TwitterTimeline.swift in Sources */,
				7423C71F1F52466D009F75D1 /* TwitterTrends.swift in Sources */,
				74E36BB81F537C470052FA94 /* FeedInteractor.swift in Sources */,
				74E36BB31F537C470052FA94 /* FeedWorker.swift in Sources */,
				74E36C1A1F5478130052FA94 /* TrendsViewController.swift in Sources */,
				7417858D1F4BC1260066E23B /* LoginInitializer.swift in Sources */,
				74E36C2D1F5478DD0052FA94 /* TrendsViewController+UITableView.swift in Sources */,
				74871D021F4E2DC300E77C30 /* AppOnlyClient.swift in Sources */,
				74E36C0E1F5478130052FA94 /* TrendsWorker.swift in Sources */,
				74871CEC1F4E051100E77C30 /* JSON.swift in Sources */,
				74E36BB41F537C470052FA94 /* FeedRouter.swift in Sources */,
				74E36BA61F52A7A10052FA94 /* CustomStackView.swift in Sources */,
				741785961F4BC1260066E23B /* LoginInteractor.swift in Sources */,
				74E36BB91F537C470052FA94 /* FeedConfigurator.swift in Sources */,
				74E36BFC1F5456D90052FA94 /* SearchViewController+UISearchBar.swift in Sources */,
				74E36B9A1F529CE40052FA94 /* MainRouter.swift in Sources */,
				7417852F1F4BAA360066E23B /* AppDelegate.swift in Sources */,
				74E36C201F5478130052FA94 /* TrendsConfigurator.swift in Sources */,
				74C90F461F4CCE49008C0B6E /* InvolvesAPI.swift in Sources */,
				74E36C351F5481F80052FA94 /* TrendsTableViewCell.swift in Sources */,
				74E36BE91F5449B30052FA94 /* SearchViewController.swift in Sources */,
				74871CF01F4E075D00E77C30 /* String+Extensions.swift in Sources */,
				74C90F431F4CC4BA008C0B6E /* UIView+Borders.swift in Sources */,
				74E36BCF1F543E530052FA94 /* FeedViewController+TableView.swift in Sources */,
				74871CF81F4E1B1B00E77C30 /* Dictionary+Extensions.swift in Sources */,
				74E36B9C1F529CE40052FA94 /* MainModels.swift in Sources */,
				74E36B981F529CE40052FA94 /* MainPresenter.swift in Sources */,
				74E36C001F545CAC0052FA94 /* SearchViewController+UITableView.swift in Sources */,
				74871D071F4E2EAF00E77C30 /* HMAC.swift in Sources */,
				74871CFA1F4E1B4B00E77C30 /* URL+Extensions.swift in Sources */,
				74871CF41F4E0D3600E77C30 /* TwitterError.swift in Sources */,
				74E36B9B1F529CE40052FA94 /* MainInitializer.swift in Sources */,
				7417858A1F4BC1260066E23B /* LoginRouter.swift in Sources */,
				7423C7211F5246A4009F75D1 /* TwitterSearch.swift in Sources */,
				741785901F4BC1260066E23B /* LoginModels.swift in Sources */,
				74E36BDD1F5449B30052FA94 /* SearchWorker.swift in Sources */,
				7417859F1F4BC1500066E23B /* LoginViewController.swift in Sources */,
				74871CF21F4E088700E77C30 /* TwitterAuth.swift in Sources */,
				74E36BE61F5449B30052FA94 /* SearchModels.swift in Sources */,
				74E36BB71F537C470052FA94 /* FeedViewController.swift in Sources */,
				74E36BA21F529D0D0052FA94 /* MainViewController.swift in Sources */,
				74E36BE01F5449B30052FA94 /* SearchRouter.swift in Sources */,
				74871D001F4E28CD00E77C30 /* Operator++.swift in Sources */,
				74871CFC1F4E205200E77C30 /* TwitterClientProtocol.swift in Sources */,
				74E36C311F547E920052FA94 /* Trends.swift in Sources */,
				741785991F4BC1260066E23B /* LoginConfigurator.swift in Sources */,
				74871D0D1F4E317200E77C30 /* Scanner.swift in Sources */,
				74871D0B1F4E313E00E77C30 /* Data+Extension.swift in Sources */,
				74E36BE31F5449B30052FA94 /* SearchInitializer.swift in Sources */,
				74E36BB21F537C470052FA94 /* FeedPresenter.swift in Sources */,
				74E36B9E1F529CE40052FA94 /* MainInteractor.swift in Sources */,
				74E36BDA1F5449B30052FA94 /* SearchPresenter.swift in Sources */,
				74E36C1D1F5478130052FA94 /* TrendsInteractor.swift in Sources */,
			);
			runOnlyForDeploymentPostprocessing = 0;
		};
		7417853B1F4BAA360066E23B /* Sources */ = {
			isa = PBXSourcesBuildPhase;
			buildActionMask = 2147483647;
			files = (
				7417858E1F4BC1260066E23B /* LoginInitializer.swift in Sources */,
				741785851F4BC1260066E23B /* LoginPresenter.swift in Sources */,
				74E36C0F1F5478130052FA94 /* TrendsWorker.swift in Sources */,
				74E36BDB1F5449B30052FA94 /* SearchPresenter.swift in Sources */,
				74E36C2E1F5478DD0052FA94 /* TrendsViewController+UITableView.swift in Sources */,
				74E36BEA1F5449B30052FA94 /* SearchViewController.swift in Sources */,
				74E36BDE1F5449B30052FA94 /* SearchWorker.swift in Sources */,
				74E36C1B1F5478130052FA94 /* TrendsViewController.swift in Sources */,
				74E36C121F5478130052FA94 /* TrendsRouter.swift in Sources */,
				741785441F4BAA360066E23B /* InvolvesTTTests.swift in Sources */,
				74E36C361F5481F80052FA94 /* TrendsTableViewCell.swift in Sources */,
				74E36BF01F5449B30052FA94 /* SearchConfigurator.swift in Sources */,
				74E36C211F5478130052FA94 /* TrendsConfigurator.swift in Sources */,
				74E36BC11F5412CF0052FA94 /* Tweet.swift in Sources */,
				741785971F4BC1260066E23B /* LoginInteractor.swift in Sources */,
				74E36BE71F5449B30052FA94 /* SearchModels.swift in Sources */,
				74E36C011F545CAC0052FA94 /* SearchViewController+UITableView.swift in Sources */,
				74E36BFD1F5456D90052FA94 /* SearchViewController+UISearchBar.swift in Sources */,
				741785911F4BC1260066E23B /* LoginModels.swift in Sources */,
				7417859A1F4BC1260066E23B /* LoginConfigurator.swift in Sources */,
				74E36BC91F543BCF0052FA94 /* TweetCell.swift in Sources */,
				74E36BED1F5449B30052FA94 /* SearchInteractor.swift in Sources */,
				74E36C321F547E920052FA94 /* Trends.swift in Sources */,
				74E36C0C1F5478130052FA94 /* TrendsPresenter.swift in Sources */,
				74E36BE11F5449B30052FA94 /* SearchRouter.swift in Sources */,
				74E36C151F5478130052FA94 /* TrendsInitializer.swift in Sources */,
				74E36BD01F543E530052FA94 /* FeedViewController+TableView.swift in Sources */,
				7417858B1F4BC1260066E23B /* LoginRouter.swift in Sources */,
				741785A01F4BC1500066E23B /* LoginViewController.swift in Sources */,
				74E36BE41F5449B30052FA94 /* SearchInitializer.swift in Sources */,
				74E36C181F5478130052FA94 /* TrendsModels.swift in Sources */,
			);
			runOnlyForDeploymentPostprocessing = 0;
		};
		741785461F4BAA360066E23B /* Sources */ = {
			isa = PBXSourcesBuildPhase;
			buildActionMask = 2147483647;
			files = (
				74E36BF11F5449B30052FA94 /* SearchConfigurator.swift in Sources */,
				74E36BEE1F5449B30052FA94 /* SearchInteractor.swift in Sources */,
				74E36C1C1F5478130052FA94 /* TrendsViewController.swift in Sources */,
				74E36C131F5478130052FA94 /* TrendsRouter.swift in Sources */,
				74E36BDC1F5449B30052FA94 /* SearchPresenter.swift in Sources */,
				7417858F1F4BC1260066E23B /* LoginInitializer.swift in Sources */,
				74E36C0D1F5478130052FA94 /* TrendsPresenter.swift in Sources */,
				741785861F4BC1260066E23B /* LoginPresenter.swift in Sources */,
				7417854F1F4BAA360066E23B /* InvolvesTTUITests.swift in Sources */,
				74E36C101F5478130052FA94 /* TrendsWorker.swift in Sources */,
				74E36C371F5481F80052FA94 /* TrendsTableViewCell.swift in Sources */,
				74E36BCA1F543BCF0052FA94 /* TweetCell.swift in Sources */,
				74E36BDF1F5449B30052FA94 /* SearchWorker.swift in Sources */,
				74E36BFE1F5456D90052FA94 /* SearchViewController+UISearchBar.swift in Sources */,
				741785981F4BC1260066E23B /* LoginInteractor.swift in Sources */,
				74E36C021F545CAC0052FA94 /* SearchViewController+UITableView.swift in Sources */,
				741785921F4BC1260066E23B /* LoginModels.swift in Sources */,
				74E36BD11F543E530052FA94 /* FeedViewController+TableView.swift in Sources */,
				7417859B1F4BC1260066E23B /* LoginConfigurator.swift in Sources */,
				74E36BEB1F5449B30052FA94 /* SearchViewController.swift in Sources */,
				74E36BE51F5449B30052FA94 /* SearchInitializer.swift in Sources */,
				7417858C1F4BC1260066E23B /* LoginRouter.swift in Sources */,
				74E36C221F5478130052FA94 /* TrendsConfigurator.swift in Sources */,
				74E36C191F5478130052FA94 /* TrendsModels.swift in Sources */,
				741785A11F4BC1500066E23B /* LoginViewController.swift in Sources */,
				74E36BE21F5449B30052FA94 /* SearchRouter.swift in Sources */,
				74E36C161F5478130052FA94 /* TrendsInitializer.swift in Sources */,
				74E36BE81F5449B30052FA94 /* SearchModels.swift in Sources */,
				74E36C2F1F5478DD0052FA94 /* TrendsViewController+UITableView.swift in Sources */,
			);
			runOnlyForDeploymentPostprocessing = 0;
		};
/* End PBXSourcesBuildPhase section */

/* Begin PBXTargetDependency section */
		741785411F4BAA360066E23B /* PBXTargetDependency */ = {
			isa = PBXTargetDependency;
			target = 7417852A1F4BAA360066E23B /* InvolvesTT */;
			targetProxy = 741785401F4BAA360066E23B /* PBXContainerItemProxy */;
		};
		7417854C1F4BAA360066E23B /* PBXTargetDependency */ = {
			isa = PBXTargetDependency;
			target = 7417852A1F4BAA360066E23B /* InvolvesTT */;
			targetProxy = 7417854B1F4BAA360066E23B /* PBXContainerItemProxy */;
		};
/* End PBXTargetDependency section */

/* Begin PBXVariantGroup section */
		741785371F4BAA360066E23B /* LaunchScreen.storyboard */ = {
			isa = PBXVariantGroup;
			children = (
				741785381F4BAA360066E23B /* Base */,
			);
			name = LaunchScreen.storyboard;
			sourceTree = "<group>";
		};
/* End PBXVariantGroup section */

/* Begin XCBuildConfiguration section */
		741785511F4BAA360066E23B /* Debug */ = {
			isa = XCBuildConfiguration;
			buildSettings = {
				ALWAYS_SEARCH_USER_PATHS = NO;
				CLANG_ANALYZER_NONNULL = YES;
				CLANG_ANALYZER_NUMBER_OBJECT_CONVERSION = YES_AGGRESSIVE;
				CLANG_CXX_LANGUAGE_STANDARD = "gnu++0x";
				CLANG_CXX_LIBRARY = "libc++";
				CLANG_ENABLE_MODULES = YES;
				CLANG_ENABLE_OBJC_ARC = YES;
				CLANG_WARN_BOOL_CONVERSION = YES;
				CLANG_WARN_CONSTANT_CONVERSION = YES;
				CLANG_WARN_DIRECT_OBJC_ISA_USAGE = YES_ERROR;
				CLANG_WARN_DOCUMENTATION_COMMENTS = YES;
				CLANG_WARN_EMPTY_BODY = YES;
				CLANG_WARN_ENUM_CONVERSION = YES;
				CLANG_WARN_INFINITE_RECURSION = YES;
				CLANG_WARN_INT_CONVERSION = YES;
				CLANG_WARN_OBJC_ROOT_CLASS = YES_ERROR;
				CLANG_WARN_SUSPICIOUS_MOVE = YES;
				CLANG_WARN_UNREACHABLE_CODE = YES;
				CLANG_WARN__DUPLICATE_METHOD_MATCH = YES;
				"CODE_SIGN_IDENTITY[sdk=iphoneos*]" = "iPhone Developer";
				COPY_PHASE_STRIP = NO;
				DEBUG_INFORMATION_FORMAT = dwarf;
				ENABLE_STRICT_OBJC_MSGSEND = YES;
				ENABLE_TESTABILITY = YES;
				GCC_C_LANGUAGE_STANDARD = gnu99;
				GCC_DYNAMIC_NO_PIC = NO;
				GCC_NO_COMMON_BLOCKS = YES;
				GCC_OPTIMIZATION_LEVEL = 0;
				GCC_PREPROCESSOR_DEFINITIONS = (
					"DEBUG=1",
					"$(inherited)",
				);
				GCC_WARN_64_TO_32_BIT_CONVERSION = YES;
				GCC_WARN_ABOUT_RETURN_TYPE = YES_ERROR;
				GCC_WARN_UNDECLARED_SELECTOR = YES;
				GCC_WARN_UNINITIALIZED_AUTOS = YES_AGGRESSIVE;
				GCC_WARN_UNUSED_FUNCTION = YES;
				GCC_WARN_UNUSED_VARIABLE = YES;
				IPHONEOS_DEPLOYMENT_TARGET = 10.3;
				MTL_ENABLE_DEBUG_INFO = YES;
				ONLY_ACTIVE_ARCH = YES;
				SDKROOT = iphoneos;
				SWIFT_ACTIVE_COMPILATION_CONDITIONS = DEBUG;
				SWIFT_OPTIMIZATION_LEVEL = "-Onone";
				TARGETED_DEVICE_FAMILY = "1,2";
			};
			name = Debug;
		};
		741785521F4BAA360066E23B /* Release */ = {
			isa = XCBuildConfiguration;
			buildSettings = {
				ALWAYS_SEARCH_USER_PATHS = NO;
				CLANG_ANALYZER_NONNULL = YES;
				CLANG_ANALYZER_NUMBER_OBJECT_CONVERSION = YES_AGGRESSIVE;
				CLANG_CXX_LANGUAGE_STANDARD = "gnu++0x";
				CLANG_CXX_LIBRARY = "libc++";
				CLANG_ENABLE_MODULES = YES;
				CLANG_ENABLE_OBJC_ARC = YES;
				CLANG_WARN_BOOL_CONVERSION = YES;
				CLANG_WARN_CONSTANT_CONVERSION = YES;
				CLANG_WARN_DIRECT_OBJC_ISA_USAGE = YES_ERROR;
				CLANG_WARN_DOCUMENTATION_COMMENTS = YES;
				CLANG_WARN_EMPTY_BODY = YES;
				CLANG_WARN_ENUM_CONVERSION = YES;
				CLANG_WARN_INFINITE_RECURSION = YES;
				CLANG_WARN_INT_CONVERSION = YES;
				CLANG_WARN_OBJC_ROOT_CLASS = YES_ERROR;
				CLANG_WARN_SUSPICIOUS_MOVE = YES;
				CLANG_WARN_UNREACHABLE_CODE = YES;
				CLANG_WARN__DUPLICATE_METHOD_MATCH = YES;
				"CODE_SIGN_IDENTITY[sdk=iphoneos*]" = "iPhone Developer";
				COPY_PHASE_STRIP = NO;
				DEBUG_INFORMATION_FORMAT = "dwarf-with-dsym";
				ENABLE_NS_ASSERTIONS = NO;
				ENABLE_STRICT_OBJC_MSGSEND = YES;
				GCC_C_LANGUAGE_STANDARD = gnu99;
				GCC_NO_COMMON_BLOCKS = YES;
				GCC_WARN_64_TO_32_BIT_CONVERSION = YES;
				GCC_WARN_ABOUT_RETURN_TYPE = YES_ERROR;
				GCC_WARN_UNDECLARED_SELECTOR = YES;
				GCC_WARN_UNINITIALIZED_AUTOS = YES_AGGRESSIVE;
				GCC_WARN_UNUSED_FUNCTION = YES;
				GCC_WARN_UNUSED_VARIABLE = YES;
				IPHONEOS_DEPLOYMENT_TARGET = 10.3;
				MTL_ENABLE_DEBUG_INFO = NO;
				SDKROOT = iphoneos;
				SWIFT_OPTIMIZATION_LEVEL = "-Owholemodule";
				TARGETED_DEVICE_FAMILY = "1,2";
				VALIDATE_PRODUCT = YES;
			};
			name = Release;
		};
		741785541F4BAA360066E23B /* Debug */ = {
			isa = XCBuildConfiguration;
			baseConfigurationReference = 2A262A16314BE6D6F2B5846F /* Pods-InvolvesTT.debug.xcconfig */;
			buildSettings = {
				ASSETCATALOG_COMPILER_APPICON_NAME = AppIcon;
				DEVELOPMENT_TEAM = 87R23937SY;
				INFOPLIST_FILE = InvolvesTT/Info.plist;
				LD_RUNPATH_SEARCH_PATHS = "$(inherited) @executable_path/Frameworks";
				PRODUCT_BUNDLE_IDENTIFIER = com.rafaelleandro.InvolvesTT;
				PRODUCT_NAME = "$(TARGET_NAME)";
				SWIFT_VERSION = 3.0;
			};
			name = Debug;
		};
		741785551F4BAA360066E23B /* Release */ = {
			isa = XCBuildConfiguration;
			baseConfigurationReference = 48669EF758B6E073CDBB9797 /* Pods-InvolvesTT.release.xcconfig */;
			buildSettings = {
				ASSETCATALOG_COMPILER_APPICON_NAME = AppIcon;
				DEVELOPMENT_TEAM = 87R23937SY;
				INFOPLIST_FILE = InvolvesTT/Info.plist;
				LD_RUNPATH_SEARCH_PATHS = "$(inherited) @executable_path/Frameworks";
				PRODUCT_BUNDLE_IDENTIFIER = com.rafaelleandro.InvolvesTT;
				PRODUCT_NAME = "$(TARGET_NAME)";
				SWIFT_VERSION = 3.0;
			};
			name = Release;
		};
		741785571F4BAA360066E23B /* Debug */ = {
			isa = XCBuildConfiguration;
			baseConfigurationReference = B1EA2FBC76B8925B9BCA85B5 /* Pods-InvolvesTTTests.debug.xcconfig */;
			buildSettings = {
				ALWAYS_EMBED_SWIFT_STANDARD_LIBRARIES = YES;
				BUNDLE_LOADER = "$(TEST_HOST)";
				DEVELOPMENT_TEAM = 87R23937SY;
				INFOPLIST_FILE = InvolvesTTTests/Info.plist;
				LD_RUNPATH_SEARCH_PATHS = "$(inherited) @executable_path/Frameworks @loader_path/Frameworks";
				PRODUCT_BUNDLE_IDENTIFIER = com.rafaelleandro.InvolvesTTTests;
				PRODUCT_NAME = "$(TARGET_NAME)";
				SWIFT_VERSION = 3.0;
				TEST_HOST = "$(BUILT_PRODUCTS_DIR)/InvolvesTT.app/InvolvesTT";
			};
			name = Debug;
		};
		741785581F4BAA360066E23B /* Release */ = {
			isa = XCBuildConfiguration;
			baseConfigurationReference = C1581B383C4179444850BDC8 /* Pods-InvolvesTTTests.release.xcconfig */;
			buildSettings = {
				ALWAYS_EMBED_SWIFT_STANDARD_LIBRARIES = YES;
				BUNDLE_LOADER = "$(TEST_HOST)";
				DEVELOPMENT_TEAM = 87R23937SY;
				INFOPLIST_FILE = InvolvesTTTests/Info.plist;
				LD_RUNPATH_SEARCH_PATHS = "$(inherited) @executable_path/Frameworks @loader_path/Frameworks";
				PRODUCT_BUNDLE_IDENTIFIER = com.rafaelleandro.InvolvesTTTests;
				PRODUCT_NAME = "$(TARGET_NAME)";
				SWIFT_VERSION = 3.0;
				TEST_HOST = "$(BUILT_PRODUCTS_DIR)/InvolvesTT.app/InvolvesTT";
			};
			name = Release;
		};
		7417855A1F4BAA360066E23B /* Debug */ = {
			isa = XCBuildConfiguration;
			baseConfigurationReference = 6D624F452F53BA715BB58DE4 /* Pods-InvolvesTTUITests.debug.xcconfig */;
			buildSettings = {
				ALWAYS_EMBED_SWIFT_STANDARD_LIBRARIES = YES;
				DEVELOPMENT_TEAM = 87R23937SY;
				INFOPLIST_FILE = InvolvesTTUITests/Info.plist;
				LD_RUNPATH_SEARCH_PATHS = "$(inherited) @executable_path/Frameworks @loader_path/Frameworks";
				PRODUCT_BUNDLE_IDENTIFIER = com.rafaelleandro.InvolvesTTUITests;
				PRODUCT_NAME = "$(TARGET_NAME)";
				SWIFT_VERSION = 3.0;
				TEST_TARGET_NAME = InvolvesTT;
			};
			name = Debug;
		};
		7417855B1F4BAA360066E23B /* Release */ = {
			isa = XCBuildConfiguration;
			baseConfigurationReference = A4C739E69013CBBC17983730 /* Pods-InvolvesTTUITests.release.xcconfig */;
			buildSettings = {
				ALWAYS_EMBED_SWIFT_STANDARD_LIBRARIES = YES;
				DEVELOPMENT_TEAM = 87R23937SY;
				INFOPLIST_FILE = InvolvesTTUITests/Info.plist;
				LD_RUNPATH_SEARCH_PATHS = "$(inherited) @executable_path/Frameworks @loader_path/Frameworks";
				PRODUCT_BUNDLE_IDENTIFIER = com.rafaelleandro.InvolvesTTUITests;
				PRODUCT_NAME = "$(TARGET_NAME)";
				SWIFT_VERSION = 3.0;
				TEST_TARGET_NAME = InvolvesTT;
			};
			name = Release;
		};
/* End XCBuildConfiguration section */

/* Begin XCConfigurationList section */
		741785261F4BAA360066E23B /* Build configuration list for PBXProject "InvolvesTT" */ = {
			isa = XCConfigurationList;
			buildConfigurations = (
				741785511F4BAA360066E23B /* Debug */,
				741785521F4BAA360066E23B /* Release */,
			);
			defaultConfigurationIsVisible = 0;
			defaultConfigurationName = Release;
		};
		741785531F4BAA360066E23B /* Build configuration list for PBXNativeTarget "InvolvesTT" */ = {
			isa = XCConfigurationList;
			buildConfigurations = (
				741785541F4BAA360066E23B /* Debug */,
				741785551F4BAA360066E23B /* Release */,
			);
			defaultConfigurationIsVisible = 0;
			defaultConfigurationName = Release;
		};
		741785561F4BAA360066E23B /* Build configuration list for PBXNativeTarget "InvolvesTTTests" */ = {
			isa = XCConfigurationList;
			buildConfigurations = (
				741785571F4BAA360066E23B /* Debug */,
				741785581F4BAA360066E23B /* Release */,
			);
			defaultConfigurationIsVisible = 0;
			defaultConfigurationName = Release;
		};
		741785591F4BAA360066E23B /* Build configuration list for PBXNativeTarget "InvolvesTTUITests" */ = {
			isa = XCConfigurationList;
			buildConfigurations = (
				7417855A1F4BAA360066E23B /* Debug */,
				7417855B1F4BAA360066E23B /* Release */,
			);
			defaultConfigurationIsVisible = 0;
			defaultConfigurationName = Release;
		};
/* End XCConfigurationList section */
	};
	rootObject = 741785231F4BAA360066E23B /* Project object */;
}
